// !$*UTF8*$!
{
	archiveVersion = 1;
	classes = {
	};
	objectVersion = 50;
	objects = {

/* Begin PBXBuildFile section */
		15D5C2C3D5BB09B6CC8AC03D /* libPods-Demo.a in Frameworks */ = {isa = PBXBuildFile; fileRef = 05E42B0A025719E80B3E7762 /* libPods-Demo.a */; };
		57BB0C4E8D26BF494B382042 /* libPods-DemoTests.a in Frameworks */ = {isa = PBXBuildFile; fileRef = 42F91DB157A6172D2017885F /* libPods-DemoTests.a */; };
		84124A0020C01DBE00FCF80C /* ViewController.m in Sources */ = {isa = PBXBuildFile; fileRef = 841249FF20C01DBE00FCF80C /* ViewController.m */; };
		84124A0520C01DC100FCF80C /* Assets.xcassets in Resources */ = {isa = PBXBuildFile; fileRef = 84124A0420C01DC100FCF80C /* Assets.xcassets */; };
		84124A0820C01DC100FCF80C /* LaunchScreen.storyboard in Resources */ = {isa = PBXBuildFile; fileRef = 84124A0620C01DC100FCF80C /* LaunchScreen.storyboard */; };
		84124A0B20C01DC100FCF80C /* main.m in Sources */ = {isa = PBXBuildFile; fileRef = 84124A0A20C01DC100FCF80C /* main.m */; };
		842DA6D520C129D3002C0DB3 /* Oswald-SemiBold.ttf in Resources */ = {isa = PBXBuildFile; fileRef = 842DA6D420C129D3002C0DB3 /* Oswald-SemiBold.ttf */; };
		843B1B6320CE13140052037C /* appearance_test.json in Resources */ = {isa = PBXBuildFile; fileRef = 843B1B6220CE13140052037C /* appearance_test.json */; };
		843B1B6520CE13440052037C /* TFAppearanceObject_Tests.m in Sources */ = {isa = PBXBuildFile; fileRef = 843B1B6420CE13440052037C /* TFAppearanceObject_Tests.m */; };
		84A19BB820CE20D9001D08F3 /* UIView_TFAppearance_Tests.m in Sources */ = {isa = PBXBuildFile; fileRef = 84A19BB720CE20D9001D08F3 /* UIView_TFAppearance_Tests.m */; };
		E36363B1219023DE007026B4 /* HSViewDebugger.m in Sources */ = {isa = PBXBuildFile; fileRef = E363639C219023DE007026B4 /* HSViewDebugger.m */; };
		E36363B2219023DE007026B4 /* HSViewDebugDecorator.m in Sources */ = {isa = PBXBuildFile; fileRef = E363639E219023DE007026B4 /* HSViewDebugDecorator.m */; };
		E36363B3219023DE007026B4 /* HSViewDebugViewPosition.m in Sources */ = {isa = PBXBuildFile; fileRef = E363639F219023DE007026B4 /* HSViewDebugViewPosition.m */; };
		E36363B4219023DE007026B4 /* HSViewDebugMarginView.m in Sources */ = {isa = PBXBuildFile; fileRef = E36363A4219023DE007026B4 /* HSViewDebugMarginView.m */; };
		E36363B5219023DE007026B4 /* HSViewDebugUtility.m in Sources */ = {isa = PBXBuildFile; fileRef = E36363A9219023DE007026B4 /* HSViewDebugUtility.m */; };
		E36363B6219023DE007026B4 /* HSViewDebuggerTests.m in Sources */ = {isa = PBXBuildFile; fileRef = E36363AA219023DE007026B4 /* HSViewDebuggerTests.m */; };
		E36363B7219023DE007026B4 /* HSViewDebugDashLineView.m in Sources */ = {isa = PBXBuildFile; fileRef = E36363AB219023DE007026B4 /* HSViewDebugDashLineView.m */; };
		E36363B8219023DE007026B4 /* HSViewDebugSizeView.m in Sources */ = {isa = PBXBuildFile; fileRef = E36363AC219023DE007026B4 /* HSViewDebugSizeView.m */; };
		E36363B9219023DE007026B4 /* HSViewDebugDecorateManager.m in Sources */ = {isa = PBXBuildFile; fileRef = E36363AD219023DE007026B4 /* HSViewDebugDecorateManager.m */; };
		E36363BA219023DE007026B4 /* HSViewDebugViewArrangement.m in Sources */ = {isa = PBXBuildFile; fileRef = E36363AE219023DE007026B4 /* HSViewDebugViewArrangement.m */; };
/* End PBXBuildFile section */

/* Begin PBXContainerItemProxy section */
		84124A1120C01DC100FCF80C /* PBXContainerItemProxy */ = {
			isa = PBXContainerItemProxy;
			containerPortal = 841249F020C01DBE00FCF80C /* Project object */;
			proxyType = 1;
			remoteGlobalIDString = 841249F720C01DBE00FCF80C;
			remoteInfo = Demo;
		};
/* End PBXContainerItemProxy section */

/* Begin PBXFileReference section */
		05E42B0A025719E80B3E7762 /* libPods-Demo.a */ = {isa = PBXFileReference; explicitFileType = archive.ar; includeInIndex = 0; path = "libPods-Demo.a"; sourceTree = BUILT_PRODUCTS_DIR; };
		2409F276462BE61F4E0D8EE8 /* Pods-DemoTests.debug.xcconfig */ = {isa = PBXFileReference; includeInIndex = 1; lastKnownFileType = text.xcconfig; name = "Pods-DemoTests.debug.xcconfig"; path = "Pods/Target Support Files/Pods-DemoTests/Pods-DemoTests.debug.xcconfig"; sourceTree = "<group>"; };
		42F91DB157A6172D2017885F /* libPods-DemoTests.a */ = {isa = PBXFileReference; explicitFileType = archive.ar; includeInIndex = 0; path = "libPods-DemoTests.a"; sourceTree = BUILT_PRODUCTS_DIR; };
		4C1BF447F03095B9258D28A2 /* Pods-DemoTests.release.xcconfig */ = {isa = PBXFileReference; includeInIndex = 1; lastKnownFileType = text.xcconfig; name = "Pods-DemoTests.release.xcconfig"; path = "Pods/Target Support Files/Pods-DemoTests/Pods-DemoTests.release.xcconfig"; sourceTree = "<group>"; };
		841249F820C01DBE00FCF80C /* Demo.app */ = {isa = PBXFileReference; explicitFileType = wrapper.application; includeInIndex = 0; path = Demo.app; sourceTree = BUILT_PRODUCTS_DIR; };
		841249FE20C01DBE00FCF80C /* ViewController.h */ = {isa = PBXFileReference; lastKnownFileType = sourcecode.c.h; path = ViewController.h; sourceTree = "<group>"; };
		841249FF20C01DBE00FCF80C /* ViewController.m */ = {isa = PBXFileReference; lastKnownFileType = sourcecode.c.objc; path = ViewController.m; sourceTree = "<group>"; };
		84124A0420C01DC100FCF80C /* Assets.xcassets */ = {isa = PBXFileReference; lastKnownFileType = folder.assetcatalog; path = Assets.xcassets; sourceTree = "<group>"; };
		84124A0720C01DC100FCF80C /* Base */ = {isa = PBXFileReference; lastKnownFileType = file.storyboard; name = Base; path = Base.lproj/LaunchScreen.storyboard; sourceTree = "<group>"; };
		84124A0920C01DC100FCF80C /* Info.plist */ = {isa = PBXFileReference; lastKnownFileType = text.plist.xml; path = Info.plist; sourceTree = "<group>"; };
		84124A0A20C01DC100FCF80C /* main.m */ = {isa = PBXFileReference; lastKnownFileType = sourcecode.c.objc; path = main.m; sourceTree = "<group>"; };
		84124A1020C01DC100FCF80C /* DemoTests.xctest */ = {isa = PBXFileReference; explicitFileType = wrapper.cfbundle; includeInIndex = 0; path = DemoTests.xctest; sourceTree = BUILT_PRODUCTS_DIR; };
		84124A1620C01DC100FCF80C /* Info.plist */ = {isa = PBXFileReference; lastKnownFileType = text.plist.xml; path = Info.plist; sourceTree = "<group>"; };
		842DA6D420C129D3002C0DB3 /* Oswald-SemiBold.ttf */ = {isa = PBXFileReference; lastKnownFileType = file; path = "Oswald-SemiBold.ttf"; sourceTree = "<group>"; };
		843B1B6220CE13140052037C /* appearance_test.json */ = {isa = PBXFileReference; fileEncoding = 4; lastKnownFileType = text.json; path = appearance_test.json; sourceTree = "<group>"; };
		843B1B6420CE13440052037C /* TFAppearanceObject_Tests.m */ = {isa = PBXFileReference; lastKnownFileType = sourcecode.c.objc; path = TFAppearanceObject_Tests.m; sourceTree = "<group>"; };
		84A19BB720CE20D9001D08F3 /* UIView_TFAppearance_Tests.m */ = {isa = PBXFileReference; lastKnownFileType = sourcecode.c.objc; path = UIView_TFAppearance_Tests.m; sourceTree = "<group>"; };
		DCEC9AD630801D8720BCAE9C /* Pods-Demo.release.xcconfig */ = {isa = PBXFileReference; includeInIndex = 1; lastKnownFileType = text.xcconfig; name = "Pods-Demo.release.xcconfig"; path = "Pods/Target Support Files/Pods-Demo/Pods-Demo.release.xcconfig"; sourceTree = "<group>"; };
		DFB76E065A9689625ED2BF4B /* Pods-Demo.debug.xcconfig */ = {isa = PBXFileReference; includeInIndex = 1; lastKnownFileType = text.xcconfig; name = "Pods-Demo.debug.xcconfig"; path = "Pods/Target Support Files/Pods-Demo/Pods-Demo.debug.xcconfig"; sourceTree = "<group>"; };
		E363639C219023DE007026B4 /* HSViewDebugger.m */ = {isa = PBXFileReference; fileEncoding = 4; lastKnownFileType = sourcecode.c.objc; path = HSViewDebugger.m; sourceTree = "<group>"; };
		E363639E219023DE007026B4 /* HSViewDebugDecorator.m */ = {isa = PBXFileReference; fileEncoding = 4; lastKnownFileType = sourcecode.c.objc; path = HSViewDebugDecorator.m; sourceTree = "<group>"; };
		E363639F219023DE007026B4 /* HSViewDebugViewPosition.m */ = {isa = PBXFileReference; fileEncoding = 4; lastKnownFileType = sourcecode.c.objc; path = HSViewDebugViewPosition.m; sourceTree = "<group>"; };
		E36363A0219023DE007026B4 /* HSViewDebuggerTests.h */ = {isa = PBXFileReference; fileEncoding = 4; lastKnownFileType = sourcecode.c.h; path = HSViewDebuggerTests.h; sourceTree = "<group>"; };
		E36363A1219023DE007026B4 /* HSViewDebugUtility.h */ = {isa = PBXFileReference; fileEncoding = 4; lastKnownFileType = sourcecode.c.h; path = HSViewDebugUtility.h; sourceTree = "<group>"; };
		E36363A2219023DE007026B4 /* HSViewDebugSizeView.h */ = {isa = PBXFileReference; fileEncoding = 4; lastKnownFileType = sourcecode.c.h; path = HSViewDebugSizeView.h; sourceTree = "<group>"; };
		E36363A3219023DE007026B4 /* HSViewDebugDashLineView.h */ = {isa = PBXFileReference; fileEncoding = 4; lastKnownFileType = sourcecode.c.h; path = HSViewDebugDashLineView.h; sourceTree = "<group>"; };
		E36363A4219023DE007026B4 /* HSViewDebugMarginView.m */ = {isa = PBXFileReference; fileEncoding = 4; lastKnownFileType = sourcecode.c.objc; path = HSViewDebugMarginView.m; sourceTree = "<group>"; };
		E36363A5219023DE007026B4 /* HSViewDebugViewArrangement.h */ = {isa = PBXFileReference; fileEncoding = 4; lastKnownFileType = sourcecode.c.h; path = HSViewDebugViewArrangement.h; sourceTree = "<group>"; };
		E36363A6219023DE007026B4 /* HSViewDebugDecorateManager.h */ = {isa = PBXFileReference; fileEncoding = 4; lastKnownFileType = sourcecode.c.h; path = HSViewDebugDecorateManager.h; sourceTree = "<group>"; };
		E36363A7219023DE007026B4 /* HSViewDebugViewPosition.h */ = {isa = PBXFileReference; fileEncoding = 4; lastKnownFileType = sourcecode.c.h; path = HSViewDebugViewPosition.h; sourceTree = "<group>"; };
		E36363A8219023DE007026B4 /* HSViewDebugDecorator.h */ = {isa = PBXFileReference; fileEncoding = 4; lastKnownFileType = sourcecode.c.h; path = HSViewDebugDecorator.h; sourceTree = "<group>"; };
		E36363A9219023DE007026B4 /* HSViewDebugUtility.m */ = {isa = PBXFileReference; fileEncoding = 4; lastKnownFileType = sourcecode.c.objc; path = HSViewDebugUtility.m; sourceTree = "<group>"; };
		E36363AA219023DE007026B4 /* HSViewDebuggerTests.m */ = {isa = PBXFileReference; fileEncoding = 4; lastKnownFileType = sourcecode.c.objc; path = HSViewDebuggerTests.m; sourceTree = "<group>"; };
		E36363AB219023DE007026B4 /* HSViewDebugDashLineView.m */ = {isa = PBXFileReference; fileEncoding = 4; lastKnownFileType = sourcecode.c.objc; path = HSViewDebugDashLineView.m; sourceTree = "<group>"; };
		E36363AC219023DE007026B4 /* HSViewDebugSizeView.m */ = {isa = PBXFileReference; fileEncoding = 4; lastKnownFileType = sourcecode.c.objc; path = HSViewDebugSizeView.m; sourceTree = "<group>"; };
		E36363AD219023DE007026B4 /* HSViewDebugDecorateManager.m */ = {isa = PBXFileReference; fileEncoding = 4; lastKnownFileType = sourcecode.c.objc; path = HSViewDebugDecorateManager.m; sourceTree = "<group>"; };
		E36363AE219023DE007026B4 /* HSViewDebugViewArrangement.m */ = {isa = PBXFileReference; fileEncoding = 4; lastKnownFileType = sourcecode.c.objc; path = HSViewDebugViewArrangement.m; sourceTree = "<group>"; };
		E36363AF219023DE007026B4 /* HSViewDebugMarginView.h */ = {isa = PBXFileReference; fileEncoding = 4; lastKnownFileType = sourcecode.c.h; path = HSViewDebugMarginView.h; sourceTree = "<group>"; };
		E36363B0219023DE007026B4 /* HSViewDebugger.h */ = {isa = PBXFileReference; fileEncoding = 4; lastKnownFileType = sourcecode.c.h; path = HSViewDebugger.h; sourceTree = "<group>"; };
/* End PBXFileReference section */

/* Begin PBXFrameworksBuildPhase section */
		841249F520C01DBE00FCF80C /* Frameworks */ = {
			isa = PBXFrameworksBuildPhase;
			buildActionMask = 2147483647;
			files = (
				15D5C2C3D5BB09B6CC8AC03D /* libPods-Demo.a in Frameworks */,
			);
			runOnlyForDeploymentPostprocessing = 0;
		};
		84124A0D20C01DC100FCF80C /* Frameworks */ = {
			isa = PBXFrameworksBuildPhase;
			buildActionMask = 2147483647;
			files = (
				57BB0C4E8D26BF494B382042 /* libPods-DemoTests.a in Frameworks */,
			);
			runOnlyForDeploymentPostprocessing = 0;
		};
/* End PBXFrameworksBuildPhase section */

/* Begin PBXGroup section */
		4472E231AE1585AD3B184822 /* Frameworks */ = {
			isa = PBXGroup;
			children = (
				05E42B0A025719E80B3E7762 /* libPods-Demo.a */,
				42F91DB157A6172D2017885F /* libPods-DemoTests.a */,
			);
			name = Frameworks;
			sourceTree = "<group>";
		};
		841249EF20C01DBE00FCF80C = {
			isa = PBXGroup;
			children = (
				841249FA20C01DBE00FCF80C /* Demo */,
				84124A1320C01DC100FCF80C /* DemoTests */,
				841249F920C01DBE00FCF80C /* Products */,
				D0B1A710C9F1C134CE62305C /* Pods */,
				4472E231AE1585AD3B184822 /* Frameworks */,
			);
			sourceTree = "<group>";
		};
		841249F920C01DBE00FCF80C /* Products */ = {
			isa = PBXGroup;
			children = (
				841249F820C01DBE00FCF80C /* Demo.app */,
				84124A1020C01DC100FCF80C /* DemoTests.xctest */,
			);
			name = Products;
			sourceTree = "<group>";
		};
		841249FA20C01DBE00FCF80C /* Demo */ = {
			isa = PBXGroup;
			children = (
				E363639B219023DE007026B4 /* ViewDebugger */,
				843B1B6220CE13140052037C /* appearance_test.json */,
				842DA6D420C129D3002C0DB3 /* Oswald-SemiBold.ttf */,
				84124A0420C01DC100FCF80C /* Assets.xcassets */,
				84124A0920C01DC100FCF80C /* Info.plist */,
				84124A0620C01DC100FCF80C /* LaunchScreen.storyboard */,
				84124A0A20C01DC100FCF80C /* main.m */,
				841249FE20C01DBE00FCF80C /* ViewController.h */,
				841249FF20C01DBE00FCF80C /* ViewController.m */,
			);
			path = Demo;
			sourceTree = "<group>";
		};
		84124A1320C01DC100FCF80C /* DemoTests */ = {
			isa = PBXGroup;
			children = (
				84124A1620C01DC100FCF80C /* Info.plist */,
				843B1B6420CE13440052037C /* TFAppearanceObject_Tests.m */,
				84A19BB720CE20D9001D08F3 /* UIView_TFAppearance_Tests.m */,
			);
			path = DemoTests;
			sourceTree = "<group>";
		};
		D0B1A710C9F1C134CE62305C /* Pods */ = {
			isa = PBXGroup;
			children = (
				DFB76E065A9689625ED2BF4B /* Pods-Demo.debug.xcconfig */,
				DCEC9AD630801D8720BCAE9C /* Pods-Demo.release.xcconfig */,
				2409F276462BE61F4E0D8EE8 /* Pods-DemoTests.debug.xcconfig */,
				4C1BF447F03095B9258D28A2 /* Pods-DemoTests.release.xcconfig */,
			);
			name = Pods;
			sourceTree = "<group>";
		};
		E363639B219023DE007026B4 /* ViewDebugger */ = {
			isa = PBXGroup;
			children = (
				E36363B0219023DE007026B4 /* HSViewDebugger.h */,
				E363639C219023DE007026B4 /* HSViewDebugger.m */,
				E363639D219023DE007026B4 /* internal */,
			);
			path = ViewDebugger;
			sourceTree = SOURCE_ROOT;
		};
		E363639D219023DE007026B4 /* internal */ = {
			isa = PBXGroup;
			children = (
				E363639E219023DE007026B4 /* HSViewDebugDecorator.m */,
				E363639F219023DE007026B4 /* HSViewDebugViewPosition.m */,
				E36363A0219023DE007026B4 /* HSViewDebuggerTests.h */,
				E36363A1219023DE007026B4 /* HSViewDebugUtility.h */,
				E36363A2219023DE007026B4 /* HSViewDebugSizeView.h */,
				E36363A3219023DE007026B4 /* HSViewDebugDashLineView.h */,
				E36363A4219023DE007026B4 /* HSViewDebugMarginView.m */,
				E36363A5219023DE007026B4 /* HSViewDebugViewArrangement.h */,
				E36363A6219023DE007026B4 /* HSViewDebugDecorateManager.h */,
				E36363A7219023DE007026B4 /* HSViewDebugViewPosition.h */,
				E36363A8219023DE007026B4 /* HSViewDebugDecorator.h */,
				E36363A9219023DE007026B4 /* HSViewDebugUtility.m */,
				E36363AA219023DE007026B4 /* HSViewDebuggerTests.m */,
				E36363AB219023DE007026B4 /* HSViewDebugDashLineView.m */,
				E36363AC219023DE007026B4 /* HSViewDebugSizeView.m */,
				E36363AD219023DE007026B4 /* HSViewDebugDecorateManager.m */,
				E36363AE219023DE007026B4 /* HSViewDebugViewArrangement.m */,
				E36363AF219023DE007026B4 /* HSViewDebugMarginView.h */,
			);
			path = internal;
			sourceTree = "<group>";
		};
/* End PBXGroup section */

/* Begin PBXNativeTarget section */
		841249F720C01DBE00FCF80C /* Demo */ = {
			isa = PBXNativeTarget;
			buildConfigurationList = 84124A1920C01DC100FCF80C /* Build configuration list for PBXNativeTarget "Demo" */;
			buildPhases = (
				5A93C34746A9837660C78197 /* [CP] Check Pods Manifest.lock */,
				841249F420C01DBE00FCF80C /* Sources */,
				841249F520C01DBE00FCF80C /* Frameworks */,
				841249F620C01DBE00FCF80C /* Resources */,
				5F53CDE3DF54D1CA9C6C3088 /* [CP] Embed Pods Frameworks */,
				A78A81AC92210A17FD60560E /* [CP] Copy Pods Resources */,
			);
			buildRules = (
			);
			dependencies = (
			);
			name = Demo;
			productName = Demo;
			productReference = 841249F820C01DBE00FCF80C /* Demo.app */;
			productType = "com.apple.product-type.application";
		};
		84124A0F20C01DC100FCF80C /* DemoTests */ = {
			isa = PBXNativeTarget;
			buildConfigurationList = 84124A1C20C01DC100FCF80C /* Build configuration list for PBXNativeTarget "DemoTests" */;
			buildPhases = (
				6C0769FABBCD9BB6DFB94D8A /* [CP] Check Pods Manifest.lock */,
				84124A0C20C01DC100FCF80C /* Sources */,
				84124A0D20C01DC100FCF80C /* Frameworks */,
				84124A0E20C01DC100FCF80C /* Resources */,
				D0282140BC5EB3372150492F /* [CP] Embed Pods Frameworks */,
				E877233E38F29BD100E53DBF /* [CP] Copy Pods Resources */,
			);
			buildRules = (
			);
			dependencies = (
				84124A1220C01DC100FCF80C /* PBXTargetDependency */,
			);
			name = DemoTests;
			productName = DemoTests;
			productReference = 84124A1020C01DC100FCF80C /* DemoTests.xctest */;
			productType = "com.apple.product-type.bundle.unit-test";
		};
/* End PBXNativeTarget section */

/* Begin PBXProject section */
		841249F020C01DBE00FCF80C /* Project object */ = {
			isa = PBXProject;
			attributes = {
				LastUpgradeCheck = 0940;
				ORGANIZATIONNAME = shenlujia;
				TargetAttributes = {
					841249F720C01DBE00FCF80C = {
						CreatedOnToolsVersion = 9.4;
					};
					84124A0F20C01DC100FCF80C = {
						CreatedOnToolsVersion = 9.4;
						TestTargetID = 841249F720C01DBE00FCF80C;
					};
				};
			};
			buildConfigurationList = 841249F320C01DBE00FCF80C /* Build configuration list for PBXProject "Demo" */;
			compatibilityVersion = "Xcode 9.3";
			developmentRegion = en;
			hasScannedForEncodings = 0;
			knownRegions = (
				en,
				Base,
			);
			mainGroup = 841249EF20C01DBE00FCF80C;
			productRefGroup = 841249F920C01DBE00FCF80C /* Products */;
			projectDirPath = "";
			projectRoot = "";
			targets = (
				841249F720C01DBE00FCF80C /* Demo */,
				84124A0F20C01DC100FCF80C /* DemoTests */,
			);
		};
/* End PBXProject section */

/* Begin PBXResourcesBuildPhase section */
		841249F620C01DBE00FCF80C /* Resources */ = {
			isa = PBXResourcesBuildPhase;
			buildActionMask = 2147483647;
			files = (
				842DA6D520C129D3002C0DB3 /* Oswald-SemiBold.ttf in Resources */,
				84124A0820C01DC100FCF80C /* LaunchScreen.storyboard in Resources */,
				84124A0520C01DC100FCF80C /* Assets.xcassets in Resources */,
				843B1B6320CE13140052037C /* appearance_test.json in Resources */,
			);
			runOnlyForDeploymentPostprocessing = 0;
		};
		84124A0E20C01DC100FCF80C /* Resources */ = {
			isa = PBXResourcesBuildPhase;
			buildActionMask = 2147483647;
			files = (
			);
			runOnlyForDeploymentPostprocessing = 0;
		};
/* End PBXResourcesBuildPhase section */

/* Begin PBXShellScriptBuildPhase section */
		5A93C34746A9837660C78197 /* [CP] Check Pods Manifest.lock */ = {
			isa = PBXShellScriptBuildPhase;
			buildActionMask = 2147483647;
			files = (
			);
			inputPaths = (
			);
			name = "[CP] Check Pods Manifest.lock";
			outputPaths = (
			);
			runOnlyForDeploymentPostprocessing = 0;
			shellPath = /bin/sh;
			shellScript = "diff \"${PODS_ROOT}/../Podfile.lock\" \"${PODS_ROOT}/Manifest.lock\" > /dev/null\nif [ $? != 0 ] ; then\n    # print error to STDERR\n    echo \"error: The sandbox is not in sync with the Podfile.lock. Run 'pod install' or update your CocoaPods installation.\" >&2\n    exit 1\nfi\n";
			showEnvVarsInLog = 0;
		};
		5F53CDE3DF54D1CA9C6C3088 /* [CP] Embed Pods Frameworks */ = {
			isa = PBXShellScriptBuildPhase;
			buildActionMask = 2147483647;
			files = (
			);
			inputPaths = (
			);
			name = "[CP] Embed Pods Frameworks";
			outputPaths = (
			);
			runOnlyForDeploymentPostprocessing = 0;
			shellPath = /bin/sh;
			shellScript = "\"${SRCROOT}/Pods/Target Support Files/Pods-Demo/Pods-Demo-frameworks.sh\"\n";
			showEnvVarsInLog = 0;
		};
		6C0769FABBCD9BB6DFB94D8A /* [CP] Check Pods Manifest.lock */ = {
			isa = PBXShellScriptBuildPhase;
			buildActionMask = 2147483647;
			files = (
			);
			inputPaths = (
			);
			name = "[CP] Check Pods Manifest.lock";
			outputPaths = (
			);
			runOnlyForDeploymentPostprocessing = 0;
			shellPath = /bin/sh;
			shellScript = "diff \"${PODS_ROOT}/../Podfile.lock\" \"${PODS_ROOT}/Manifest.lock\" > /dev/null\nif [ $? != 0 ] ; then\n    # print error to STDERR\n    echo \"error: The sandbox is not in sync with the Podfile.lock. Run 'pod install' or update your CocoaPods installation.\" >&2\n    exit 1\nfi\n";
			showEnvVarsInLog = 0;
		};
		A78A81AC92210A17FD60560E /* [CP] Copy Pods Resources */ = {
			isa = PBXShellScriptBuildPhase;
			buildActionMask = 2147483647;
			files = (
			);
			inputPaths = (
			);
			name = "[CP] Copy Pods Resources";
			outputPaths = (
			);
			runOnlyForDeploymentPostprocessing = 0;
			shellPath = /bin/sh;
			shellScript = "\"${SRCROOT}/Pods/Target Support Files/Pods-Demo/Pods-Demo-resources.sh\"\n";
			showEnvVarsInLog = 0;
		};
		D0282140BC5EB3372150492F /* [CP] Embed Pods Frameworks */ = {
			isa = PBXShellScriptBuildPhase;
			buildActionMask = 2147483647;
			files = (
			);
			inputPaths = (
			);
			name = "[CP] Embed Pods Frameworks";
			outputPaths = (
			);
			runOnlyForDeploymentPostprocessing = 0;
			shellPath = /bin/sh;
			shellScript = "\"${SRCROOT}/Pods/Target Support Files/Pods-DemoTests/Pods-DemoTests-frameworks.sh\"\n";
			showEnvVarsInLog = 0;
		};
		E877233E38F29BD100E53DBF /* [CP] Copy Pods Resources */ = {
			isa = PBXShellScriptBuildPhase;
			buildActionMask = 2147483647;
			files = (
			);
			inputPaths = (
			);
			name = "[CP] Copy Pods Resources";
			outputPaths = (
			);
			runOnlyForDeploymentPostprocessing = 0;
			shellPath = /bin/sh;
			shellScript = "\"${SRCROOT}/Pods/Target Support Files/Pods-DemoTests/Pods-DemoTests-resources.sh\"\n";
			showEnvVarsInLog = 0;
		};
/* End PBXShellScriptBuildPhase section */

/* Begin PBXSourcesBuildPhase section */
		841249F420C01DBE00FCF80C /* Sources */ = {
			isa = PBXSourcesBuildPhase;
			buildActionMask = 2147483647;
			files = (
				E36363B9219023DE007026B4 /* HSViewDebugDecorateManager.m in Sources */,
				E36363B3219023DE007026B4 /* HSViewDebugViewPosition.m in Sources */,
				E36363B8219023DE007026B4 /* HSViewDebugSizeView.m in Sources */,
				E36363B1219023DE007026B4 /* HSViewDebugger.m in Sources */,
				E36363B4219023DE007026B4 /* HSViewDebugMarginView.m in Sources */,
				E36363B2219023DE007026B4 /* HSViewDebugDecorator.m in Sources */,
				E36363B5219023DE007026B4 /* HSViewDebugUtility.m in Sources */,
				84124A0020C01DBE00FCF80C /* ViewController.m in Sources */,
				E36363B6219023DE007026B4 /* HSViewDebuggerTests.m in Sources */,
				84124A0B20C01DC100FCF80C /* main.m in Sources */,
				E36363B7219023DE007026B4 /* HSViewDebugDashLineView.m in Sources */,
				E36363BA219023DE007026B4 /* HSViewDebugViewArrangement.m in Sources */,
			);
			runOnlyForDeploymentPostprocessing = 0;
		};
		84124A0C20C01DC100FCF80C /* Sources */ = {
			isa = PBXSourcesBuildPhase;
			buildActionMask = 2147483647;
			files = (
				84A19BB820CE20D9001D08F3 /* UIView_TFAppearance_Tests.m in Sources */,
				843B1B6520CE13440052037C /* TFAppearanceObject_Tests.m in Sources */,
			);
			runOnlyForDeploymentPostprocessing = 0;
		};
/* End PBXSourcesBuildPhase section */

/* Begin PBXTargetDependency section */
		84124A1220C01DC100FCF80C /* PBXTargetDependency */ = {
			isa = PBXTargetDependency;
			target = 841249F720C01DBE00FCF80C /* Demo */;
			targetProxy = 84124A1120C01DC100FCF80C /* PBXContainerItemProxy */;
		};
/* End PBXTargetDependency section */

/* Begin PBXVariantGroup section */
		84124A0620C01DC100FCF80C /* LaunchScreen.storyboard */ = {
			isa = PBXVariantGroup;
			children = (
				84124A0720C01DC100FCF80C /* Base */,
			);
			name = LaunchScreen.storyboard;
			sourceTree = "<group>";
		};
/* End PBXVariantGroup section */

/* Begin XCBuildConfiguration section */
		84124A1720C01DC100FCF80C /* Debug */ = {
			isa = XCBuildConfiguration;
			buildSettings = {
				ALWAYS_SEARCH_USER_PATHS = NO;
				CLANG_ANALYZER_NONNULL = YES;
				CLANG_ANALYZER_NUMBER_OBJECT_CONVERSION = YES_AGGRESSIVE;
				CLANG_CXX_LANGUAGE_STANDARD = "gnu++14";
				CLANG_CXX_LIBRARY = "libc++";
				CLANG_ENABLE_MODULES = YES;
				CLANG_ENABLE_OBJC_ARC = YES;
				CLANG_ENABLE_OBJC_WEAK = YES;
				CLANG_WARN_BLOCK_CAPTURE_AUTORELEASING = YES;
				CLANG_WARN_BOOL_CONVERSION = YES;
				CLANG_WARN_COMMA = YES;
				CLANG_WARN_CONSTANT_CONVERSION = YES;
				CLANG_WARN_DEPRECATED_OBJC_IMPLEMENTATIONS = YES;
				CLANG_WARN_DIRECT_OBJC_ISA_USAGE = YES_ERROR;
				CLANG_WARN_DOCUMENTATION_COMMENTS = YES;
				CLANG_WARN_EMPTY_BODY = YES;
				CLANG_WARN_ENUM_CONVERSION = YES;
				CLANG_WARN_INFINITE_RECURSION = YES;
				CLANG_WARN_INT_CONVERSION = YES;
				CLANG_WARN_NON_LITERAL_NULL_CONVERSION = YES;
				CLANG_WARN_OBJC_IMPLICIT_RETAIN_SELF = YES;
				CLANG_WARN_OBJC_LITERAL_CONVERSION = YES;
				CLANG_WARN_OBJC_ROOT_CLASS = YES_ERROR;
				CLANG_WARN_RANGE_LOOP_ANALYSIS = YES;
				CLANG_WARN_STRICT_PROTOTYPES = YES;
				CLANG_WARN_SUSPICIOUS_MOVE = YES;
				CLANG_WARN_UNGUARDED_AVAILABILITY = YES_AGGRESSIVE;
				CLANG_WARN_UNREACHABLE_CODE = YES;
				CLANG_WARN__DUPLICATE_METHOD_MATCH = YES;
				CODE_SIGN_IDENTITY = "iPhone Developer";
				COPY_PHASE_STRIP = NO;
				DEBUG_INFORMATION_FORMAT = dwarf;
				ENABLE_STRICT_OBJC_MSGSEND = YES;
				ENABLE_TESTABILITY = YES;
				GCC_C_LANGUAGE_STANDARD = gnu11;
				GCC_DYNAMIC_NO_PIC = NO;
				GCC_NO_COMMON_BLOCKS = YES;
				GCC_OPTIMIZATION_LEVEL = 0;
				GCC_PREPROCESSOR_DEFINITIONS = (
					"DEBUG=1",
					"$(inherited)",
				);
				GCC_WARN_64_TO_32_BIT_CONVERSION = YES;
				GCC_WARN_ABOUT_RETURN_TYPE = YES_ERROR;
				GCC_WARN_UNDECLARED_SELECTOR = YES;
				GCC_WARN_UNINITIALIZED_AUTOS = YES_AGGRESSIVE;
				GCC_WARN_UNUSED_FUNCTION = YES;
				GCC_WARN_UNUSED_VARIABLE = YES;
				IPHONEOS_DEPLOYMENT_TARGET = 11.4;
				MTL_ENABLE_DEBUG_INFO = YES;
				ONLY_ACTIVE_ARCH = YES;
				SDKROOT = iphoneos;
			};
			name = Debug;
		};
		84124A1820C01DC100FCF80C /* Release */ = {
			isa = XCBuildConfiguration;
			buildSettings = {
				ALWAYS_SEARCH_USER_PATHS = NO;
				CLANG_ANALYZER_NONNULL = YES;
				CLANG_ANALYZER_NUMBER_OBJECT_CONVERSION = YES_AGGRESSIVE;
				CLANG_CXX_LANGUAGE_STANDARD = "gnu++14";
				CLANG_CXX_LIBRARY = "libc++";
				CLANG_ENABLE_MODULES = YES;
				CLANG_ENABLE_OBJC_ARC = YES;
				CLANG_ENABLE_OBJC_WEAK = YES;
				CLANG_WARN_BLOCK_CAPTURE_AUTORELEASING = YES;
				CLANG_WARN_BOOL_CONVERSION = YES;
				CLANG_WARN_COMMA = YES;
				CLANG_WARN_CONSTANT_CONVERSION = YES;
				CLANG_WARN_DEPRECATED_OBJC_IMPLEMENTATIONS = YES;
				CLANG_WARN_DIRECT_OBJC_ISA_USAGE = YES_ERROR;
				CLANG_WARN_DOCUMENTATION_COMMENTS = YES;
				CLANG_WARN_EMPTY_BODY = YES;
				CLANG_WARN_ENUM_CONVERSION = YES;
				CLANG_WARN_INFINITE_RECURSION = YES;
				CLANG_WARN_INT_CONVERSION = YES;
				CLANG_WARN_NON_LITERAL_NULL_CONVERSION = YES;
				CLANG_WARN_OBJC_IMPLICIT_RETAIN_SELF = YES;
				CLANG_WARN_OBJC_LITERAL_CONVERSION = YES;
				CLANG_WARN_OBJC_ROOT_CLASS = YES_ERROR;
				CLANG_WARN_RANGE_LOOP_ANALYSIS = YES;
				CLANG_WARN_STRICT_PROTOTYPES = YES;
				CLANG_WARN_SUSPICIOUS_MOVE = YES;
				CLANG_WARN_UNGUARDED_AVAILABILITY = YES_AGGRESSIVE;
				CLANG_WARN_UNREACHABLE_CODE = YES;
				CLANG_WARN__DUPLICATE_METHOD_MATCH = YES;
				CODE_SIGN_IDENTITY = "iPhone Developer";
				COPY_PHASE_STRIP = NO;
				DEBUG_INFORMATION_FORMAT = "dwarf-with-dsym";
				ENABLE_NS_ASSERTIONS = NO;
				ENABLE_STRICT_OBJC_MSGSEND = YES;
				GCC_C_LANGUAGE_STANDARD = gnu11;
				GCC_NO_COMMON_BLOCKS = YES;
				GCC_WARN_64_TO_32_BIT_CONVERSION = YES;
				GCC_WARN_ABOUT_RETURN_TYPE = YES_ERROR;
				GCC_WARN_UNDECLARED_SELECTOR = YES;
				GCC_WARN_UNINITIALIZED_AUTOS = YES_AGGRESSIVE;
				GCC_WARN_UNUSED_FUNCTION = YES;
				GCC_WARN_UNUSED_VARIABLE = YES;
				IPHONEOS_DEPLOYMENT_TARGET = 11.4;
				MTL_ENABLE_DEBUG_INFO = NO;
				SDKROOT = iphoneos;
				VALIDATE_PRODUCT = YES;
			};
			name = Release;
		};
		84124A1A20C01DC100FCF80C /* Debug */ = {
			isa = XCBuildConfiguration;
			baseConfigurationReference = DFB76E065A9689625ED2BF4B /* Pods-Demo.debug.xcconfig */;
			buildSettings = {
				ASSETCATALOG_COMPILER_APPICON_NAME = AppIcon;
				CODE_SIGN_STYLE = Manual;
				DEVELOPMENT_TEAM = N78Z465G64;
				INFOPLIST_FILE = Demo/Info.plist;
				IPHONEOS_DEPLOYMENT_TARGET = 8.0;
				LD_RUNPATH_SEARCH_PATHS = (
					"$(inherited)",
					"@executable_path/Frameworks",
				);
				PRODUCT_BUNDLE_IDENTIFIER = TF.Demo;
				PRODUCT_NAME = "$(TARGET_NAME)";
				PROVISIONING_PROFILE = "f9c42306-4bc3-4800-9e04-5993a972da3a";
				PROVISIONING_PROFILE_SPECIFIER = Wildcard;
				TARGETED_DEVICE_FAMILY = "1,2";
			};
			name = Debug;
		};
		84124A1B20C01DC100FCF80C /* Release */ = {
			isa = XCBuildConfiguration;
			baseConfigurationReference = DCEC9AD630801D8720BCAE9C /* Pods-Demo.release.xcconfig */;
			buildSettings = {
				ASSETCATALOG_COMPILER_APPICON_NAME = AppIcon;
				CODE_SIGN_STYLE = Manual;
				DEVELOPMENT_TEAM = N78Z465G64;
				INFOPLIST_FILE = Demo/Info.plist;
				IPHONEOS_DEPLOYMENT_TARGET = 8.0;
				LD_RUNPATH_SEARCH_PATHS = (
					"$(inherited)",
					"@executable_path/Frameworks",
				);
				PRODUCT_BUNDLE_IDENTIFIER = TF.Demo;
				PRODUCT_NAME = "$(TARGET_NAME)";
				PROVISIONING_PROFILE_SPECIFIER = Wildcard;
				TARGETED_DEVICE_FAMILY = "1,2";
			};
			name = Release;
		};
		84124A1D20C01DC100FCF80C /* Debug */ = {
			isa = XCBuildConfiguration;
			baseConfigurationReference = 2409F276462BE61F4E0D8EE8 /* Pods-DemoTests.debug.xcconfig */;
			buildSettings = {
				BUNDLE_LOADER = "$(TEST_HOST)";
				CODE_SIGN_STYLE = Automatic;
				INFOPLIST_FILE = DemoTests/Info.plist;
				LD_RUNPATH_SEARCH_PATHS = (
					"$(inherited)",
					"@executable_path/Frameworks",
					"@loader_path/Frameworks",
				);
				PRODUCT_BUNDLE_IDENTIFIER = TF.DemoTests;
				PRODUCT_NAME = "$(TARGET_NAME)";
				TARGETED_DEVICE_FAMILY = "1,2";
				TEST_HOST = "$(BUILT_PRODUCTS_DIR)/Demo.app/Demo";
			};
			name = Debug;
		};
		84124A1E20C01DC100FCF80C /* Release */ = {
			isa = XCBuildConfiguration;
			baseConfigurationReference = 4C1BF447F03095B9258D28A2 /* Pods-DemoTests.release.xcconfig */;
			buildSettings = {
				BUNDLE_LOADER = "$(TEST_HOST)";
				CODE_SIGN_STYLE = Automatic;
				INFOPLIST_FILE = DemoTests/Info.plist;
				LD_RUNPATH_SEARCH_PATHS = (
					"$(inherited)",
					"@executable_path/Frameworks",
					"@loader_path/Frameworks",
				);
				PRODUCT_BUNDLE_IDENTIFIER = TF.DemoTests;
				PRODUCT_NAME = "$(TARGET_NAME)";
				TARGETED_DEVICE_FAMILY = "1,2";
				TEST_HOST = "$(BUILT_PRODUCTS_DIR)/Demo.app/Demo";
			};
			name = Release;
		};
/* End XCBuildConfiguration section */

/* Begin XCConfigurationList section */
		841249F320C01DBE00FCF80C /* Build configuration list for PBXProject "Demo" */ = {
			isa = XCConfigurationList;
			buildConfigurations = (
				84124A1720C01DC100FCF80C /* Debug */,
				84124A1820C01DC100FCF80C /* Release */,
			);
			defaultConfigurationIsVisible = 0;
			defaultConfigurationName = Release;
		};
		84124A1920C01DC100FCF80C /* Build configuration list for PBXNativeTarget "Demo" */ = {
			isa = XCConfigurationList;
			buildConfigurations = (
				84124A1A20C01DC100FCF80C /* Debug */,
				84124A1B20C01DC100FCF80C /* Release */,
			);
			defaultConfigurationIsVisible = 0;
			defaultConfigurationName = Release;
		};
		84124A1C20C01DC100FCF80C /* Build configuration list for PBXNativeTarget "DemoTests" */ = {
			isa = XCConfigurationList;
			buildConfigurations = (
				84124A1D20C01DC100FCF80C /* Debug */,
				84124A1E20C01DC100FCF80C /* Release */,
			);
			defaultConfigurationIsVisible = 0;
			defaultConfigurationName = Release;
		};
/* End XCConfigurationList section */
	};
	rootObject = 841249F020C01DBE00FCF80C /* Project object */;
}
