// !$*UTF8*$!
{
	archiveVersion = 1;
	classes = {
	};
	objectVersion = 50;
	objects = {

/* Begin PBXBuildFile section */
		19FED0F961323479FF1AD822 /* libPods-Demo.a in Frameworks */ = {isa = PBXBuildFile; fileRef = 31BD42E633807B20B9280CBF /* libPods-Demo.a */; };
		E3BCDFFD215C5E310011FA77 /* AppDelegate.m in Sources */ = {isa = PBXBuildFile; fileRef = E3BCDFFC215C5E310011FA77 /* AppDelegate.m */; };
		E3BCE000215C5E310011FA77 /* MainViewController.m in Sources */ = {isa = PBXBuildFile; fileRef = E3BCDFFF215C5E310011FA77 /* MainViewController.m */; };
		E3BCE005215C5E350011FA77 /* Assets.xcassets in Resources */ = {isa = PBXBuildFile; fileRef = E3BCE004215C5E350011FA77 /* Assets.xcassets */; };
		E3BCE008215C5E350011FA77 /* LaunchScreen.storyboard in Resources */ = {isa = PBXBuildFile; fileRef = E3BCE006215C5E350011FA77 /* LaunchScreen.storyboard */; };
		E3BCE00B215C5E350011FA77 /* main.m in Sources */ = {isa = PBXBuildFile; fileRef = E3BCE00A215C5E350011FA77 /* main.m */; };
		E3BCE015215C5E350011FA77 /* DemoTests.m in Sources */ = {isa = PBXBuildFile; fileRef = E3BCE014215C5E350011FA77 /* DemoTests.m */; };
		E3BCE022215C60540011FA77 /* BaseViewController.m in Sources */ = {isa = PBXBuildFile; fileRef = E3BCE021215C60540011FA77 /* BaseViewController.m */; };
/* End PBXBuildFile section */

/* Begin PBXContainerItemProxy section */
		E3BCE011215C5E350011FA77 /* PBXContainerItemProxy */ = {
			isa = PBXContainerItemProxy;
			containerPortal = E3BCDFF0215C5E310011FA77 /* Project object */;
			proxyType = 1;
			remoteGlobalIDString = E3BCDFF7215C5E310011FA77;
			remoteInfo = Demo;
		};
/* End PBXContainerItemProxy section */

/* Begin PBXFileReference section */
		31BD42E633807B20B9280CBF /* libPods-Demo.a */ = {isa = PBXFileReference; explicitFileType = archive.ar; includeInIndex = 0; path = "libPods-Demo.a"; sourceTree = BUILT_PRODUCTS_DIR; };
		56F7AE373BAEF83173EDF342 /* Pods-Demo.debug.xcconfig */ = {isa = PBXFileReference; includeInIndex = 1; lastKnownFileType = text.xcconfig; name = "Pods-Demo.debug.xcconfig"; path = "Pods/Target Support Files/Pods-Demo/Pods-Demo.debug.xcconfig"; sourceTree = "<group>"; };
		BAD88A39369B57593FC87F92 /* Pods-Demo.release.xcconfig */ = {isa = PBXFileReference; includeInIndex = 1; lastKnownFileType = text.xcconfig; name = "Pods-Demo.release.xcconfig"; path = "Pods/Target Support Files/Pods-Demo/Pods-Demo.release.xcconfig"; sourceTree = "<group>"; };
		E3BCDFF8215C5E310011FA77 /* Demo.app */ = {isa = PBXFileReference; explicitFileType = wrapper.application; includeInIndex = 0; path = Demo.app; sourceTree = BUILT_PRODUCTS_DIR; };
		E3BCDFFB215C5E310011FA77 /* AppDelegate.h */ = {isa = PBXFileReference; lastKnownFileType = sourcecode.c.h; path = AppDelegate.h; sourceTree = "<group>"; };
		E3BCDFFC215C5E310011FA77 /* AppDelegate.m */ = {isa = PBXFileReference; lastKnownFileType = sourcecode.c.objc; path = AppDelegate.m; sourceTree = "<group>"; };
		E3BCDFFE215C5E310011FA77 /* MainViewController.h */ = {isa = PBXFileReference; lastKnownFileType = sourcecode.c.h; path = MainViewController.h; sourceTree = "<group>"; };
		E3BCDFFF215C5E310011FA77 /* MainViewController.m */ = {isa = PBXFileReference; lastKnownFileType = sourcecode.c.objc; path = MainViewController.m; sourceTree = "<group>"; };
		E3BCE004215C5E350011FA77 /* Assets.xcassets */ = {isa = PBXFileReference; lastKnownFileType = folder.assetcatalog; path = Assets.xcassets; sourceTree = "<group>"; };
		E3BCE007215C5E350011FA77 /* Base */ = {isa = PBXFileReference; lastKnownFileType = file.storyboard; name = Base; path = Base.lproj/LaunchScreen.storyboard; sourceTree = "<group>"; };
		E3BCE009215C5E350011FA77 /* Info.plist */ = {isa = PBXFileReference; lastKnownFileType = text.plist.xml; path = Info.plist; sourceTree = "<group>"; };
		E3BCE00A215C5E350011FA77 /* main.m */ = {isa = PBXFileReference; lastKnownFileType = sourcecode.c.objc; path = main.m; sourceTree = "<group>"; };
		E3BCE010215C5E350011FA77 /* DemoTests.xctest */ = {isa = PBXFileReference; explicitFileType = wrapper.cfbundle; includeInIndex = 0; path = DemoTests.xctest; sourceTree = BUILT_PRODUCTS_DIR; };
		E3BCE014215C5E350011FA77 /* DemoTests.m */ = {isa = PBXFileReference; lastKnownFileType = sourcecode.c.objc; path = DemoTests.m; sourceTree = "<group>"; };
		E3BCE016215C5E350011FA77 /* Info.plist */ = {isa = PBXFileReference; lastKnownFileType = text.plist.xml; path = Info.plist; sourceTree = "<group>"; };
		E3BCE020215C60540011FA77 /* BaseViewController.h */ = {isa = PBXFileReference; lastKnownFileType = sourcecode.c.h; path = BaseViewController.h; sourceTree = "<group>"; };
		E3BCE021215C60540011FA77 /* BaseViewController.m */ = {isa = PBXFileReference; lastKnownFileType = sourcecode.c.objc; path = BaseViewController.m; sourceTree = "<group>"; };
/* End PBXFileReference section */

/* Begin PBXFrameworksBuildPhase section */
		E3BCDFF5215C5E310011FA77 /* Frameworks */ = {
			isa = PBXFrameworksBuildPhase;
			buildActionMask = 2147483647;
			files = (
				19FED0F961323479FF1AD822 /* libPods-Demo.a in Frameworks */,
			);
			runOnlyForDeploymentPostprocessing = 0;
		};
		E3BCE00D215C5E350011FA77 /* Frameworks */ = {
			isa = PBXFrameworksBuildPhase;
			buildActionMask = 2147483647;
			files = (
			);
			runOnlyForDeploymentPostprocessing = 0;
		};
/* End PBXFrameworksBuildPhase section */

/* Begin PBXGroup section */
		155F9ED78ADEF57F70377933 /* Frameworks */ = {
			isa = PBXGroup;
			children = (
				31BD42E633807B20B9280CBF /* libPods-Demo.a */,
			);
			name = Frameworks;
			sourceTree = "<group>";
		};
		20FF8FE98373F0EF57315623 /* Pods */ = {
			isa = PBXGroup;
			children = (
				56F7AE373BAEF83173EDF342 /* Pods-Demo.debug.xcconfig */,
				BAD88A39369B57593FC87F92 /* Pods-Demo.release.xcconfig */,
			);
			name = Pods;
			sourceTree = "<group>";
		};
		E3BCDFEF215C5E300011FA77 = {
			isa = PBXGroup;
			children = (
				E3BCDFFA215C5E310011FA77 /* Demo */,
				E3BCE013215C5E350011FA77 /* DemoTests */,
				E3BCDFF9215C5E310011FA77 /* Products */,
				20FF8FE98373F0EF57315623 /* Pods */,
				155F9ED78ADEF57F70377933 /* Frameworks */,
			);
			sourceTree = "<group>";
		};
		E3BCDFF9215C5E310011FA77 /* Products */ = {
			isa = PBXGroup;
			children = (
				E3BCDFF8215C5E310011FA77 /* Demo.app */,
				E3BCE010215C5E350011FA77 /* DemoTests.xctest */,
			);
			name = Products;
			sourceTree = "<group>";
		};
		E3BCDFFA215C5E310011FA77 /* Demo */ = {
			isa = PBXGroup;
			children = (
				E3BCE01F215C5FCC0011FA77 /* Controllers */,
				E3BCDFFB215C5E310011FA77 /* AppDelegate.h */,
				E3BCDFFC215C5E310011FA77 /* AppDelegate.m */,
				E3BCDFFE215C5E310011FA77 /* MainViewController.h */,
				E3BCDFFF215C5E310011FA77 /* MainViewController.m */,
				E3BCE004215C5E350011FA77 /* Assets.xcassets */,
				E3BCE006215C5E350011FA77 /* LaunchScreen.storyboard */,
				E3BCE009215C5E350011FA77 /* Info.plist */,
				E3BCE00A215C5E350011FA77 /* main.m */,
			);
			path = Demo;
			sourceTree = "<group>";
		};
		E3BCE013215C5E350011FA77 /* DemoTests */ = {
			isa = PBXGroup;
			children = (
				E3BCE014215C5E350011FA77 /* DemoTests.m */,
				E3BCE016215C5E350011FA77 /* Info.plist */,
			);
			path = DemoTests;
			sourceTree = "<group>";
		};
		E3BCE01F215C5FCC0011FA77 /* Controllers */ = {
			isa = PBXGroup;
			children = (
				E3BCE020215C60540011FA77 /* BaseViewController.h */,
				E3BCE021215C60540011FA77 /* BaseViewController.m */,
			);
			path = Controllers;
			sourceTree = "<group>";
		};
/* End PBXGroup section */

/* Begin PBXNativeTarget section */
		E3BCDFF7215C5E310011FA77 /* Demo */ = {
			isa = PBXNativeTarget;
			buildConfigurationList = E3BCE019215C5E350011FA77 /* Build configuration list for PBXNativeTarget "Demo" */;
			buildPhases = (
				B8C25E9B63703BC81777F7F8 /* [CP] Check Pods Manifest.lock */,
				E3BCDFF4215C5E310011FA77 /* Sources */,
				E3BCDFF5215C5E310011FA77 /* Frameworks */,
				E3BCDFF6215C5E310011FA77 /* Resources */,
				2C7C7C2751E5D6166FCBFE0D /* [CP] Embed Pods Frameworks */,
				3F64130D1C7F2C5ECE9860EE /* [CP] Copy Pods Resources */,
			);
			buildRules = (
			);
			dependencies = (
			);
			name = Demo;
			productName = Demo;
			productReference = E3BCDFF8215C5E310011FA77 /* Demo.app */;
			productType = "com.apple.product-type.application";
		};
		E3BCE00F215C5E350011FA77 /* DemoTests */ = {
			isa = PBXNativeTarget;
			buildConfigurationList = E3BCE01C215C5E350011FA77 /* Build configuration list for PBXNativeTarget "DemoTests" */;
			buildPhases = (
				E3BCE00C215C5E350011FA77 /* Sources */,
				E3BCE00D215C5E350011FA77 /* Frameworks */,
				E3BCE00E215C5E350011FA77 /* Resources */,
			);
			buildRules = (
			);
			dependencies = (
				E3BCE012215C5E350011FA77 /* PBXTargetDependency */,
			);
			name = DemoTests;
			productName = DemoTests;
			productReference = E3BCE010215C5E350011FA77 /* DemoTests.xctest */;
			productType = "com.apple.product-type.bundle.unit-test";
		};
/* End PBXNativeTarget section */

/* Begin PBXProject section */
		E3BCDFF0215C5E310011FA77 /* Project object */ = {
			isa = PBXProject;
			attributes = {
				LastUpgradeCheck = 1000;
				ORGANIZATIONNAME = TF020283;
				TargetAttributes = {
					E3BCDFF7215C5E310011FA77 = {
						CreatedOnToolsVersion = 10.0;
					};
					E3BCE00F215C5E350011FA77 = {
						CreatedOnToolsVersion = 10.0;
						TestTargetID = E3BCDFF7215C5E310011FA77;
					};
				};
			};
			buildConfigurationList = E3BCDFF3215C5E310011FA77 /* Build configuration list for PBXProject "Demo" */;
			compatibilityVersion = "Xcode 9.3";
			developmentRegion = en;
			hasScannedForEncodings = 0;
			knownRegions = (
				en,
				Base,
			);
			mainGroup = E3BCDFEF215C5E300011FA77;
			productRefGroup = E3BCDFF9215C5E310011FA77 /* Products */;
			projectDirPath = "";
			projectRoot = "";
			targets = (
				E3BCDFF7215C5E310011FA77 /* Demo */,
				E3BCE00F215C5E350011FA77 /* DemoTests */,
			);
		};
/* End PBXProject section */

/* Begin PBXResourcesBuildPhase section */
		E3BCDFF6215C5E310011FA77 /* Resources */ = {
			isa = PBXResourcesBuildPhase;
			buildActionMask = 2147483647;
			files = (
				E3BCE008215C5E350011FA77 /* LaunchScreen.storyboard in Resources */,
				E3BCE005215C5E350011FA77 /* Assets.xcassets in Resources */,
			);
			runOnlyForDeploymentPostprocessing = 0;
		};
		E3BCE00E215C5E350011FA77 /* Resources */ = {
			isa = PBXResourcesBuildPhase;
			buildActionMask = 2147483647;
			files = (
			);
			runOnlyForDeploymentPostprocessing = 0;
		};
/* End PBXResourcesBuildPhase section */

/* Begin PBXShellScriptBuildPhase section */
		2C7C7C2751E5D6166FCBFE0D /* [CP] Embed Pods Frameworks */ = {
			isa = PBXShellScriptBuildPhase;
			buildActionMask = 2147483647;
			files = (
			);
			inputFileListPaths = (
			);
			inputPaths = (
			);
			name = "[CP] Embed Pods Frameworks";
			outputFileListPaths = (
			);
			outputPaths = (
			);
			runOnlyForDeploymentPostprocessing = 0;
			shellPath = /bin/sh;
			shellScript = "\"${SRCROOT}/Pods/Target Support Files/Pods-Demo/Pods-Demo-frameworks.sh\"\n";
			showEnvVarsInLog = 0;
		};
		3F64130D1C7F2C5ECE9860EE /* [CP] Copy Pods Resources */ = {
			isa = PBXShellScriptBuildPhase;
			buildActionMask = 2147483647;
			files = (
			);
			inputFileListPaths = (
			);
			inputPaths = (
			);
			name = "[CP] Copy Pods Resources";
			outputFileListPaths = (
			);
			outputPaths = (
			);
			runOnlyForDeploymentPostprocessing = 0;
			shellPath = /bin/sh;
			shellScript = "\"${SRCROOT}/Pods/Target Support Files/Pods-Demo/Pods-Demo-resources.sh\"\n";
			showEnvVarsInLog = 0;
		};
		B8C25E9B63703BC81777F7F8 /* [CP] Check Pods Manifest.lock */ = {
			isa = PBXShellScriptBuildPhase;
			buildActionMask = 2147483647;
			files = (
			);
			inputFileListPaths = (
			);
			inputPaths = (
			);
			name = "[CP] Check Pods Manifest.lock";
			outputFileListPaths = (
			);
			outputPaths = (
			);
			runOnlyForDeploymentPostprocessing = 0;
			shellPath = /bin/sh;
			shellScript = "diff \"${PODS_ROOT}/../Podfile.lock\" \"${PODS_ROOT}/Manifest.lock\" > /dev/null\nif [ $? != 0 ] ; then\n    # print error to STDERR\n    echo \"error: The sandbox is not in sync with the Podfile.lock. Run 'pod install' or update your CocoaPods installation.\" >&2\n    exit 1\nfi\n";
			showEnvVarsInLog = 0;
		};
/* End PBXShellScriptBuildPhase section */

/* Begin PBXSourcesBuildPhase section */
		E3BCDFF4215C5E310011FA77 /* Sources */ = {
			isa = PBXSourcesBuildPhase;
			buildActionMask = 2147483647;
			files = (
				E3BCE000215C5E310011FA77 /* MainViewController.m in Sources */,
				E3BCE022215C60540011FA77 /* BaseViewController.m in Sources */,
				E3BCE00B215C5E350011FA77 /* main.m in Sources */,
				E3BCDFFD215C5E310011FA77 /* AppDelegate.m in Sources */,
			);
			runOnlyForDeploymentPostprocessing = 0;
		};
		E3BCE00C215C5E350011FA77 /* Sources */ = {
			isa = PBXSourcesBuildPhase;
			buildActionMask = 2147483647;
			files = (
				E3BCE015215C5E350011FA77 /* DemoTests.m in Sources */,
			);
			runOnlyForDeploymentPostprocessing = 0;
		};
/* End PBXSourcesBuildPhase section */

/* Begin PBXTargetDependency section */
		E3BCE012215C5E350011FA77 /* PBXTargetDependency */ = {
			isa = PBXTargetDependency;
			target = E3BCDFF7215C5E310011FA77 /* Demo */;
			targetProxy = E3BCE011215C5E350011FA77 /* PBXContainerItemProxy */;
		};
/* End PBXTargetDependency section */

/* Begin PBXVariantGroup section */
		E3BCE006215C5E350011FA77 /* LaunchScreen.storyboard */ = {
			isa = PBXVariantGroup;
			children = (
				E3BCE007215C5E350011FA77 /* Base */,
			);
			name = LaunchScreen.storyboard;
			sourceTree = "<group>";
		};
/* End PBXVariantGroup section */

/* Begin XCBuildConfiguration section */
		E3BCE017215C5E350011FA77 /* Debug */ = {
			isa = XCBuildConfiguration;
			buildSettings = {
				ALWAYS_SEARCH_USER_PATHS = NO;
				CLANG_ANALYZER_NONNULL = YES;
				CLANG_ANALYZER_NUMBER_OBJECT_CONVERSION = YES_AGGRESSIVE;
				CLANG_CXX_LANGUAGE_STANDARD = "gnu++14";
				CLANG_CXX_LIBRARY = "libc++";
				CLANG_ENABLE_MODULES = YES;
				CLANG_ENABLE_OBJC_ARC = YES;
				CLANG_ENABLE_OBJC_WEAK = YES;
				CLANG_WARN_BLOCK_CAPTURE_AUTORELEASING = YES;
				CLANG_WARN_BOOL_CONVERSION = YES;
				CLANG_WARN_COMMA = YES;
				CLANG_WARN_CONSTANT_CONVERSION = YES;
				CLANG_WARN_DEPRECATED_OBJC_IMPLEMENTATIONS = YES;
				CLANG_WARN_DIRECT_OBJC_ISA_USAGE = YES_ERROR;
				CLANG_WARN_DOCUMENTATION_COMMENTS = YES;
				CLANG_WARN_EMPTY_BODY = YES;
				CLANG_WARN_ENUM_CONVERSION = YES;
				CLANG_WARN_INFINITE_RECURSION = YES;
				CLANG_WARN_INT_CONVERSION = YES;
				CLANG_WARN_NON_LITERAL_NULL_CONVERSION = YES;
				CLANG_WARN_OBJC_IMPLICIT_RETAIN_SELF = YES;
				CLANG_WARN_OBJC_LITERAL_CONVERSION = YES;
				CLANG_WARN_OBJC_ROOT_CLASS = YES_ERROR;
				CLANG_WARN_RANGE_LOOP_ANALYSIS = YES;
				CLANG_WARN_STRICT_PROTOTYPES = YES;
				CLANG_WARN_SUSPICIOUS_MOVE = YES;
				CLANG_WARN_UNGUARDED_AVAILABILITY = YES_AGGRESSIVE;
				CLANG_WARN_UNREACHABLE_CODE = YES;
				CLANG_WARN__DUPLICATE_METHOD_MATCH = YES;
				CODE_SIGN_IDENTITY = "iPhone Developer";
				COPY_PHASE_STRIP = NO;
				DEBUG_INFORMATION_FORMAT = dwarf;
				ENABLE_STRICT_OBJC_MSGSEND = YES;
				ENABLE_TESTABILITY = YES;
				GCC_C_LANGUAGE_STANDARD = gnu11;
				GCC_DYNAMIC_NO_PIC = NO;
				GCC_NO_COMMON_BLOCKS = YES;
				GCC_OPTIMIZATION_LEVEL = 0;
				GCC_PREPROCESSOR_DEFINITIONS = (
					"DEBUG=1",
					"$(inherited)",
				);
				GCC_WARN_64_TO_32_BIT_CONVERSION = YES;
				GCC_WARN_ABOUT_RETURN_TYPE = YES_ERROR;
				GCC_WARN_UNDECLARED_SELECTOR = YES;
				GCC_WARN_UNINITIALIZED_AUTOS = YES_AGGRESSIVE;
				GCC_WARN_UNUSED_FUNCTION = YES;
				GCC_WARN_UNUSED_VARIABLE = YES;
				IPHONEOS_DEPLOYMENT_TARGET = 12.0;
				MTL_ENABLE_DEBUG_INFO = INCLUDE_SOURCE;
				MTL_FAST_MATH = YES;
				ONLY_ACTIVE_ARCH = YES;
				SDKROOT = iphoneos;
			};
			name = Debug;
		};
		E3BCE018215C5E350011FA77 /* Release */ = {
			isa = XCBuildConfiguration;
			buildSettings = {
				ALWAYS_SEARCH_USER_PATHS = NO;
				CLANG_ANALYZER_NONNULL = YES;
				CLANG_ANALYZER_NUMBER_OBJECT_CONVERSION = YES_AGGRESSIVE;
				CLANG_CXX_LANGUAGE_STANDARD = "gnu++14";
				CLANG_CXX_LIBRARY = "libc++";
				CLANG_ENABLE_MODULES = YES;
				CLANG_ENABLE_OBJC_ARC = YES;
				CLANG_ENABLE_OBJC_WEAK = YES;
				CLANG_WARN_BLOCK_CAPTURE_AUTORELEASING = YES;
				CLANG_WARN_BOOL_CONVERSION = YES;
				CLANG_WARN_COMMA = YES;
				CLANG_WARN_CONSTANT_CONVERSION = YES;
				CLANG_WARN_DEPRECATED_OBJC_IMPLEMENTATIONS = YES;
				CLANG_WARN_DIRECT_OBJC_ISA_USAGE = YES_ERROR;
				CLANG_WARN_DOCUMENTATION_COMMENTS = YES;
				CLANG_WARN_EMPTY_BODY = YES;
				CLANG_WARN_ENUM_CONVERSION = YES;
				CLANG_WARN_INFINITE_RECURSION = YES;
				CLANG_WARN_INT_CONVERSION = YES;
				CLANG_WARN_NON_LITERAL_NULL_CONVERSION = YES;
				CLANG_WARN_OBJC_IMPLICIT_RETAIN_SELF = YES;
				CLANG_WARN_OBJC_LITERAL_CONVERSION = YES;
				CLANG_WARN_OBJC_ROOT_CLASS = YES_ERROR;
				CLANG_WARN_RANGE_LOOP_ANALYSIS = YES;
				CLANG_WARN_STRICT_PROTOTYPES = YES;
				CLANG_WARN_SUSPICIOUS_MOVE = YES;
				CLANG_WARN_UNGUARDED_AVAILABILITY = YES_AGGRESSIVE;
				CLANG_WARN_UNREACHABLE_CODE = YES;
				CLANG_WARN__DUPLICATE_METHOD_MATCH = YES;
				CODE_SIGN_IDENTITY = "iPhone Developer";
				COPY_PHASE_STRIP = NO;
				DEBUG_INFORMATION_FORMAT = "dwarf-with-dsym";
				ENABLE_NS_ASSERTIONS = NO;
				ENABLE_STRICT_OBJC_MSGSEND = YES;
				GCC_C_LANGUAGE_STANDARD = gnu11;
				GCC_NO_COMMON_BLOCKS = YES;
				GCC_WARN_64_TO_32_BIT_CONVERSION = YES;
				GCC_WARN_ABOUT_RETURN_TYPE = YES_ERROR;
				GCC_WARN_UNDECLARED_SELECTOR = YES;
				GCC_WARN_UNINITIALIZED_AUTOS = YES_AGGRESSIVE;
				GCC_WARN_UNUSED_FUNCTION = YES;
				GCC_WARN_UNUSED_VARIABLE = YES;
				IPHONEOS_DEPLOYMENT_TARGET = 12.0;
				MTL_ENABLE_DEBUG_INFO = NO;
				MTL_FAST_MATH = YES;
				SDKROOT = iphoneos;
				VALIDATE_PRODUCT = YES;
			};
			name = Release;
		};
		E3BCE01A215C5E350011FA77 /* Debug */ = {
			isa = XCBuildConfiguration;
			baseConfigurationReference = 56F7AE373BAEF83173EDF342 /* Pods-Demo.debug.xcconfig */;
			buildSettings = {
				ASSETCATALOG_COMPILER_APPICON_NAME = AppIcon;
				CODE_SIGN_STYLE = Manual;
				DEVELOPMENT_TEAM = N78Z465G64;
				INFOPLIST_FILE = Demo/Info.plist;
				IPHONEOS_DEPLOYMENT_TARGET = 8.0;
				LD_RUNPATH_SEARCH_PATHS = (
					"$(inherited)",
					"@executable_path/Frameworks",
				);
				PRODUCT_BUNDLE_IDENTIFIER = ss.analysis.demo;
				PRODUCT_NAME = "$(TARGET_NAME)";
				PROVISIONING_PROFILE_SPECIFIER = Wildcard;
				TARGETED_DEVICE_FAMILY = "1,2";
			};
			name = Debug;
		};
		E3BCE01B215C5E350011FA77 /* Release */ = {
			isa = XCBuildConfiguration;
			baseConfigurationReference = BAD88A39369B57593FC87F92 /* Pods-Demo.release.xcconfig */;
			buildSettings = {
				ASSETCATALOG_COMPILER_APPICON_NAME = AppIcon;
				CODE_SIGN_STYLE = Manual;
				DEVELOPMENT_TEAM = "";
				INFOPLIST_FILE = Demo/Info.plist;
				IPHONEOS_DEPLOYMENT_TARGET = 8.0;
				LD_RUNPATH_SEARCH_PATHS = (
					"$(inherited)",
					"@executable_path/Frameworks",
				);
				PRODUCT_BUNDLE_IDENTIFIER = ss.analysis.demo;
				PRODUCT_NAME = "$(TARGET_NAME)";
				PROVISIONING_PROFILE_SPECIFIER = "";
				TARGETED_DEVICE_FAMILY = "1,2";
			};
			name = Release;
		};
		E3BCE01D215C5E350011FA77 /* Debug */ = {
			isa = XCBuildConfiguration;
			buildSettings = {
				BUNDLE_LOADER = "$(TEST_HOST)";
				CODE_SIGN_STYLE = Automatic;
				INFOPLIST_FILE = DemoTests/Info.plist;
				LD_RUNPATH_SEARCH_PATHS = (
					"$(inherited)",
					"@executable_path/Frameworks",
					"@loader_path/Frameworks",
				);
				PRODUCT_BUNDLE_IDENTIFIER = SS.DemoTests;
				PRODUCT_NAME = "$(TARGET_NAME)";
				TARGETED_DEVICE_FAMILY = "1,2";
				TEST_HOST = "$(BUILT_PRODUCTS_DIR)/Demo.app/Demo";
			};
			name = Debug;
		};
		E3BCE01E215C5E350011FA77 /* Release */ = {
			isa = XCBuildConfiguration;
			buildSettings = {
				BUNDLE_LOADER = "$(TEST_HOST)";
				CODE_SIGN_STYLE = Automatic;
				INFOPLIST_FILE = DemoTests/Info.plist;
				LD_RUNPATH_SEARCH_PATHS = (
					"$(inherited)",
					"@executable_path/Frameworks",
					"@loader_path/Frameworks",
				);
				PRODUCT_BUNDLE_IDENTIFIER = SS.DemoTests;
				PRODUCT_NAME = "$(TARGET_NAME)";
				TARGETED_DEVICE_FAMILY = "1,2";
				TEST_HOST = "$(BUILT_PRODUCTS_DIR)/Demo.app/Demo";
			};
			name = Release;
		};
/* End XCBuildConfiguration section */

/* Begin XCConfigurationList section */
		E3BCDFF3215C5E310011FA77 /* Build configuration list for PBXProject "Demo" */ = {
			isa = XCConfigurationList;
			buildConfigurations = (
				E3BCE017215C5E350011FA77 /* Debug */,
				E3BCE018215C5E350011FA77 /* Release */,
			);
			defaultConfigurationIsVisible = 0;
			defaultConfigurationName = Release;
		};
		E3BCE019215C5E350011FA77 /* Build configuration list for PBXNativeTarget "Demo" */ = {
			isa = XCConfigurationList;
			buildConfigurations = (
				E3BCE01A215C5E350011FA77 /* Debug */,
				E3BCE01B215C5E350011FA77 /* Release */,
			);
			defaultConfigurationIsVisible = 0;
			defaultConfigurationName = Release;
		};
		E3BCE01C215C5E350011FA77 /* Build configuration list for PBXNativeTarget "DemoTests" */ = {
			isa = XCConfigurationList;
			buildConfigurations = (
				E3BCE01D215C5E350011FA77 /* Debug */,
				E3BCE01E215C5E350011FA77 /* Release */,
			);
			defaultConfigurationIsVisible = 0;
			defaultConfigurationName = Release;
		};
/* End XCConfigurationList section */
	};
	rootObject = E3BCDFF0215C5E310011FA77 /* Project object */;
}
