// !$*UTF8*$!
{
	archiveVersion = 1;
	classes = {
	};
	objectVersion = 48;
	objects = {

/* Begin PBXBuildFile section */
		6F591F3E5E90CEC6C8BDF81E /* libPods-HSKVOTests.a in Frameworks */ = {isa = PBXBuildFile; fileRef = ACE4E57825EB90CE58589E1C /* libPods-HSKVOTests.a */; };
		82A346E7AC5619064762A149 /* libPods-HSKVO.a in Frameworks */ = {isa = PBXBuildFile; fileRef = 32A5AC8F07B694AEAD9B07C1 /* libPods-HSKVO.a */; };
		FE3B6A7020576F9400738F0B /* Toast.m in Sources */ = {isa = PBXBuildFile; fileRef = FE3B6A6F20576F9400738F0B /* Toast.m */; };
		FE3B6A7320577E0F00738F0B /* MainViewController.m in Sources */ = {isa = PBXBuildFile; fileRef = FE3B6A7220577E0F00738F0B /* MainViewController.m */; };
		FE3B6A7620577E5700738F0B /* ListViewController.m in Sources */ = {isa = PBXBuildFile; fileRef = FE3B6A7520577E5700738F0B /* ListViewController.m */; };
		FE3B6A7F2057803C00738F0B /* KVO_FB_Controller.m in Sources */ = {isa = PBXBuildFile; fileRef = FE3B6A7E2057803C00738F0B /* KVO_FB_Controller.m */; };
		FE3B6A822057804900738F0B /* KVO_HS_Controller.m in Sources */ = {isa = PBXBuildFile; fileRef = FE3B6A812057804900738F0B /* KVO_HS_Controller.m */; };
		FE3B6A852057805700738F0B /* KVO_UI_Controller.m in Sources */ = {isa = PBXBuildFile; fileRef = FE3B6A842057805700738F0B /* KVO_UI_Controller.m */; };
		FE8B870920590420008B9E4E /* HSKVOTests.m in Sources */ = {isa = PBXBuildFile; fileRef = FE8B870720590420008B9E4E /* HSKVOTests.m */; };
		FE8B870A20590420008B9E4E /* CompareTests.m in Sources */ = {isa = PBXBuildFile; fileRef = FE8B870820590420008B9E4E /* CompareTests.m */; };
		FE8B87142059157B008B9E4E /* NSObject+SSSwizzleDealloc.m in Sources */ = {isa = PBXBuildFile; fileRef = FE8B87132059157B008B9E4E /* NSObject+SSSwizzleDealloc.m */; };
		FE8CADB3204FC9250015A3F7 /* main.m in Sources */ = {isa = PBXBuildFile; fileRef = FE8CADAF204FC9250015A3F7 /* main.m */; };
		FE8CADB4204FC9250015A3F7 /* AppDelegate.m in Sources */ = {isa = PBXBuildFile; fileRef = FE8CADB0204FC9250015A3F7 /* AppDelegate.m */; };
		FE8CADB8204FC9F20015A3F7 /* Assets.xcassets in Resources */ = {isa = PBXBuildFile; fileRef = FE8CADB7204FC9F20015A3F7 /* Assets.xcassets */; };
		FE8CADBC204FCA180015A3F7 /* Default-568h@2x.png in Resources */ = {isa = PBXBuildFile; fileRef = FE8CADBB204FCA180015A3F7 /* Default-568h@2x.png */; };
		FE8CADD8204FCAC90015A3F7 /* HSKVOManager.m in Sources */ = {isa = PBXBuildFile; fileRef = FE8CADCE204FCAC90015A3F7 /* HSKVOManager.m */; };
		FE8CADD9204FCAC90015A3F7 /* HSKVORecord.m in Sources */ = {isa = PBXBuildFile; fileRef = FE8CADD0204FCAC90015A3F7 /* HSKVORecord.m */; };
		FE8CADDB204FCAC90015A3F7 /* HSKVOObserver.m in Sources */ = {isa = PBXBuildFile; fileRef = FE8CADD4204FCAC90015A3F7 /* HSKVOObserver.m */; };
		FE8CADDC204FCAC90015A3F7 /* NSObject+HSKVO.m in Sources */ = {isa = PBXBuildFile; fileRef = FE8CADD7204FCAC90015A3F7 /* NSObject+HSKVO.m */; };
		FE8CADE2204FD7F50015A3F7 /* Person.m in Sources */ = {isa = PBXBuildFile; fileRef = FE8CADE1204FD7F50015A3F7 /* Person.m */; };
		FE8CADF32050BE1C0015A3F7 /* HSKVODeallocSwizzle.m in Sources */ = {isa = PBXBuildFile; fileRef = FE8CADF22050BE1C0015A3F7 /* HSKVODeallocSwizzle.m */; };
/* End PBXBuildFile section */

/* Begin PBXContainerItemProxy section */
		FE8CADC6204FCA320015A3F7 /* PBXContainerItemProxy */ = {
			isa = PBXContainerItemProxy;
			containerPortal = FE8CAD8B204FC8E70015A3F7 /* Project object */;
			proxyType = 1;
			remoteGlobalIDString = FE8CAD92204FC8E70015A3F7;
			remoteInfo = HSKVO;
		};
/* End PBXContainerItemProxy section */

/* Begin PBXFileReference section */
		32A5AC8F07B694AEAD9B07C1 /* libPods-HSKVO.a */ = {isa = PBXFileReference; explicitFileType = archive.ar; includeInIndex = 0; path = "libPods-HSKVO.a"; sourceTree = BUILT_PRODUCTS_DIR; };
		37BD071F6B1C0013C290F3AB /* Pods-HSKVO.debug.xcconfig */ = {isa = PBXFileReference; includeInIndex = 1; lastKnownFileType = text.xcconfig; name = "Pods-HSKVO.debug.xcconfig"; path = "Pods/Target Support Files/Pods-HSKVO/Pods-HSKVO.debug.xcconfig"; sourceTree = "<group>"; };
		ACE4E57825EB90CE58589E1C /* libPods-HSKVOTests.a */ = {isa = PBXFileReference; explicitFileType = archive.ar; includeInIndex = 0; path = "libPods-HSKVOTests.a"; sourceTree = BUILT_PRODUCTS_DIR; };
		AE2472D7F131D6326AB5CA06 /* Pods-HSKVO.release.xcconfig */ = {isa = PBXFileReference; includeInIndex = 1; lastKnownFileType = text.xcconfig; name = "Pods-HSKVO.release.xcconfig"; path = "Pods/Target Support Files/Pods-HSKVO/Pods-HSKVO.release.xcconfig"; sourceTree = "<group>"; };
		B1C5ADF395BCA24D9F16209C /* Pods-HSKVOTests.debug.xcconfig */ = {isa = PBXFileReference; includeInIndex = 1; lastKnownFileType = text.xcconfig; name = "Pods-HSKVOTests.debug.xcconfig"; path = "Pods/Target Support Files/Pods-HSKVOTests/Pods-HSKVOTests.debug.xcconfig"; sourceTree = "<group>"; };
		BBB17D3C36D482165B2AF094 /* Pods-HSKVOTests.release.xcconfig */ = {isa = PBXFileReference; includeInIndex = 1; lastKnownFileType = text.xcconfig; name = "Pods-HSKVOTests.release.xcconfig"; path = "Pods/Target Support Files/Pods-HSKVOTests/Pods-HSKVOTests.release.xcconfig"; sourceTree = "<group>"; };
		FE3B6A29205216AA00738F0B /* HSKVOPrivate.h */ = {isa = PBXFileReference; lastKnownFileType = sourcecode.c.h; path = HSKVOPrivate.h; sourceTree = "<group>"; };
		FE3B6A6E20576F9400738F0B /* Toast.h */ = {isa = PBXFileReference; lastKnownFileType = sourcecode.c.h; path = Toast.h; sourceTree = "<group>"; };
		FE3B6A6F20576F9400738F0B /* Toast.m */ = {isa = PBXFileReference; lastKnownFileType = sourcecode.c.objc; path = Toast.m; sourceTree = "<group>"; };
		FE3B6A7120577E0F00738F0B /* MainViewController.h */ = {isa = PBXFileReference; lastKnownFileType = sourcecode.c.h; path = MainViewController.h; sourceTree = "<group>"; };
		FE3B6A7220577E0F00738F0B /* MainViewController.m */ = {isa = PBXFileReference; lastKnownFileType = sourcecode.c.objc; path = MainViewController.m; sourceTree = "<group>"; };
		FE3B6A7420577E5700738F0B /* ListViewController.h */ = {isa = PBXFileReference; lastKnownFileType = sourcecode.c.h; path = ListViewController.h; sourceTree = "<group>"; };
		FE3B6A7520577E5700738F0B /* ListViewController.m */ = {isa = PBXFileReference; lastKnownFileType = sourcecode.c.objc; path = ListViewController.m; sourceTree = "<group>"; };
		FE3B6A7D2057803C00738F0B /* KVO_FB_Controller.h */ = {isa = PBXFileReference; lastKnownFileType = sourcecode.c.h; path = KVO_FB_Controller.h; sourceTree = "<group>"; };
		FE3B6A7E2057803C00738F0B /* KVO_FB_Controller.m */ = {isa = PBXFileReference; lastKnownFileType = sourcecode.c.objc; path = KVO_FB_Controller.m; sourceTree = "<group>"; };
		FE3B6A802057804900738F0B /* KVO_HS_Controller.h */ = {isa = PBXFileReference; lastKnownFileType = sourcecode.c.h; path = KVO_HS_Controller.h; sourceTree = "<group>"; };
		FE3B6A812057804900738F0B /* KVO_HS_Controller.m */ = {isa = PBXFileReference; lastKnownFileType = sourcecode.c.objc; path = KVO_HS_Controller.m; sourceTree = "<group>"; };
		FE3B6A832057805700738F0B /* KVO_UI_Controller.h */ = {isa = PBXFileReference; lastKnownFileType = sourcecode.c.h; path = KVO_UI_Controller.h; sourceTree = "<group>"; };
		FE3B6A842057805700738F0B /* KVO_UI_Controller.m */ = {isa = PBXFileReference; lastKnownFileType = sourcecode.c.objc; path = KVO_UI_Controller.m; sourceTree = "<group>"; };
		FE8B870720590420008B9E4E /* HSKVOTests.m */ = {isa = PBXFileReference; fileEncoding = 4; lastKnownFileType = sourcecode.c.objc; path = HSKVOTests.m; sourceTree = "<group>"; };
		FE8B870820590420008B9E4E /* CompareTests.m */ = {isa = PBXFileReference; fileEncoding = 4; lastKnownFileType = sourcecode.c.objc; path = CompareTests.m; sourceTree = "<group>"; };
		FE8B87122059157B008B9E4E /* NSObject+SSSwizzleDealloc.h */ = {isa = PBXFileReference; lastKnownFileType = sourcecode.c.h; path = "NSObject+SSSwizzleDealloc.h"; sourceTree = "<group>"; };
		FE8B87132059157B008B9E4E /* NSObject+SSSwizzleDealloc.m */ = {isa = PBXFileReference; lastKnownFileType = sourcecode.c.objc; path = "NSObject+SSSwizzleDealloc.m"; sourceTree = "<group>"; };
		FE8CAD93204FC8E70015A3F7 /* HSKVO.app */ = {isa = PBXFileReference; explicitFileType = wrapper.application; includeInIndex = 0; path = HSKVO.app; sourceTree = BUILT_PRODUCTS_DIR; };
		FE8CADAD204FC9250015A3F7 /* AppDelegate.h */ = {isa = PBXFileReference; fileEncoding = 4; lastKnownFileType = sourcecode.c.h; path = AppDelegate.h; sourceTree = "<group>"; };
		FE8CADAF204FC9250015A3F7 /* main.m */ = {isa = PBXFileReference; fileEncoding = 4; lastKnownFileType = sourcecode.c.objc; path = main.m; sourceTree = "<group>"; };
		FE8CADB0204FC9250015A3F7 /* AppDelegate.m */ = {isa = PBXFileReference; fileEncoding = 4; lastKnownFileType = sourcecode.c.objc; path = AppDelegate.m; sourceTree = "<group>"; };
		FE8CADB7204FC9F20015A3F7 /* Assets.xcassets */ = {isa = PBXFileReference; lastKnownFileType = folder.assetcatalog; path = Assets.xcassets; sourceTree = "<group>"; };
		FE8CADBB204FCA180015A3F7 /* Default-568h@2x.png */ = {isa = PBXFileReference; lastKnownFileType = image.png; path = "Default-568h@2x.png"; sourceTree = "<group>"; };
		FE8CADC1204FCA320015A3F7 /* HSKVOTests.xctest */ = {isa = PBXFileReference; explicitFileType = wrapper.cfbundle; includeInIndex = 0; path = HSKVOTests.xctest; sourceTree = BUILT_PRODUCTS_DIR; };
		FE8CADC5204FCA320015A3F7 /* Info.plist */ = {isa = PBXFileReference; lastKnownFileType = text.plist.xml; path = Info.plist; sourceTree = "<group>"; };
		FE8CADCE204FCAC90015A3F7 /* HSKVOManager.m */ = {isa = PBXFileReference; fileEncoding = 4; lastKnownFileType = sourcecode.c.objc; path = HSKVOManager.m; sourceTree = "<group>"; };
		FE8CADCF204FCAC90015A3F7 /* HSKVOObserver.h */ = {isa = PBXFileReference; fileEncoding = 4; lastKnownFileType = sourcecode.c.h; path = HSKVOObserver.h; sourceTree = "<group>"; };
		FE8CADD0204FCAC90015A3F7 /* HSKVORecord.m */ = {isa = PBXFileReference; fileEncoding = 4; lastKnownFileType = sourcecode.c.objc; path = HSKVORecord.m; sourceTree = "<group>"; };
		FE8CADD2204FCAC90015A3F7 /* HSKVOManager.h */ = {isa = PBXFileReference; fileEncoding = 4; lastKnownFileType = sourcecode.c.h; path = HSKVOManager.h; sourceTree = "<group>"; };
		FE8CADD3204FCAC90015A3F7 /* HSKVORecord.h */ = {isa = PBXFileReference; fileEncoding = 4; lastKnownFileType = sourcecode.c.h; path = HSKVORecord.h; sourceTree = "<group>"; };
		FE8CADD4204FCAC90015A3F7 /* HSKVOObserver.m */ = {isa = PBXFileReference; fileEncoding = 4; lastKnownFileType = sourcecode.c.objc; path = HSKVOObserver.m; sourceTree = "<group>"; };
		FE8CADD6204FCAC90015A3F7 /* NSObject+HSKVO.h */ = {isa = PBXFileReference; fileEncoding = 4; lastKnownFileType = sourcecode.c.h; path = "NSObject+HSKVO.h"; sourceTree = "<group>"; };
		FE8CADD7204FCAC90015A3F7 /* NSObject+HSKVO.m */ = {isa = PBXFileReference; fileEncoding = 4; lastKnownFileType = sourcecode.c.objc; path = "NSObject+HSKVO.m"; sourceTree = "<group>"; };
		FE8CADE0204FD7F50015A3F7 /* Person.h */ = {isa = PBXFileReference; lastKnownFileType = sourcecode.c.h; path = Person.h; sourceTree = "<group>"; };
		FE8CADE1204FD7F50015A3F7 /* Person.m */ = {isa = PBXFileReference; lastKnownFileType = sourcecode.c.objc; path = Person.m; sourceTree = "<group>"; };
		FE8CADF12050BE1B0015A3F7 /* HSKVODeallocSwizzle.h */ = {isa = PBXFileReference; fileEncoding = 4; lastKnownFileType = sourcecode.c.h; path = HSKVODeallocSwizzle.h; sourceTree = "<group>"; };
		FE8CADF22050BE1C0015A3F7 /* HSKVODeallocSwizzle.m */ = {isa = PBXFileReference; fileEncoding = 4; lastKnownFileType = sourcecode.c.objc; path = HSKVODeallocSwizzle.m; sourceTree = "<group>"; };
/* End PBXFileReference section */

/* Begin PBXFrameworksBuildPhase section */
		FE8CAD90204FC8E70015A3F7 /* Frameworks */ = {
			isa = PBXFrameworksBuildPhase;
			buildActionMask = 2147483647;
			files = (
				82A346E7AC5619064762A149 /* libPods-HSKVO.a in Frameworks */,
			);
			runOnlyForDeploymentPostprocessing = 0;
		};
		FE8CADBE204FCA320015A3F7 /* Frameworks */ = {
			isa = PBXFrameworksBuildPhase;
			buildActionMask = 2147483647;
			files = (
				6F591F3E5E90CEC6C8BDF81E /* libPods-HSKVOTests.a in Frameworks */,
			);
			runOnlyForDeploymentPostprocessing = 0;
		};
/* End PBXFrameworksBuildPhase section */

/* Begin PBXGroup section */
		5423F21DD9EADA6A7B53D3F6 /* Pods */ = {
			isa = PBXGroup;
			children = (
				37BD071F6B1C0013C290F3AB /* Pods-HSKVO.debug.xcconfig */,
				AE2472D7F131D6326AB5CA06 /* Pods-HSKVO.release.xcconfig */,
				B1C5ADF395BCA24D9F16209C /* Pods-HSKVOTests.debug.xcconfig */,
				BBB17D3C36D482165B2AF094 /* Pods-HSKVOTests.release.xcconfig */,
			);
			name = Pods;
			sourceTree = "<group>";
		};
		C691A7B1FC79E9F6CFD2A21B /* Frameworks */ = {
			isa = PBXGroup;
			children = (
				32A5AC8F07B694AEAD9B07C1 /* libPods-HSKVO.a */,
				ACE4E57825EB90CE58589E1C /* libPods-HSKVOTests.a */,
			);
			name = Frameworks;
			sourceTree = "<group>";
		};
		FE8B871120591522008B9E4E /* HookDealloc */ = {
			isa = PBXGroup;
			children = (
				FE8B87122059157B008B9E4E /* NSObject+SSSwizzleDealloc.h */,
				FE8B87132059157B008B9E4E /* NSObject+SSSwizzleDealloc.m */,
			);
			path = HookDealloc;
			sourceTree = "<group>";
		};
		FE8CAD8A204FC8E70015A3F7 = {
			isa = PBXGroup;
			children = (
				FE8B871120591522008B9E4E /* HookDealloc */,
				C691A7B1FC79E9F6CFD2A21B /* Frameworks */,
				FE8CAD95204FC8E70015A3F7 /* HSKVO */,
				FE8CADAC204FC9250015A3F7 /* HSKVODemo */,
				FE8CADC2204FCA320015A3F7 /* HSKVOTests */,
				5423F21DD9EADA6A7B53D3F6 /* Pods */,
				FE8CAD94204FC8E70015A3F7 /* Products */,
			);
			sourceTree = "<group>";
		};
		FE8CAD94204FC8E70015A3F7 /* Products */ = {
			isa = PBXGroup;
			children = (
				FE8CAD93204FC8E70015A3F7 /* HSKVO.app */,
				FE8CADC1204FCA320015A3F7 /* HSKVOTests.xctest */,
			);
			name = Products;
			sourceTree = "<group>";
		};
		FE8CAD95204FC8E70015A3F7 /* HSKVO */ = {
			isa = PBXGroup;
			children = (
				FE8CADCD204FCAC90015A3F7 /* internal */,
				FE8CADD6204FCAC90015A3F7 /* NSObject+HSKVO.h */,
				FE8CADD7204FCAC90015A3F7 /* NSObject+HSKVO.m */,
			);
			path = HSKVO;
			sourceTree = "<group>";
		};
		FE8CADAC204FC9250015A3F7 /* HSKVODemo */ = {
			isa = PBXGroup;
			children = (
				FE8CADAD204FC9250015A3F7 /* AppDelegate.h */,
				FE8CADB0204FC9250015A3F7 /* AppDelegate.m */,
				FE8CADB7204FC9F20015A3F7 /* Assets.xcassets */,
				FE8CADBB204FCA180015A3F7 /* Default-568h@2x.png */,
				FE3B6A7D2057803C00738F0B /* KVO_FB_Controller.h */,
				FE3B6A7E2057803C00738F0B /* KVO_FB_Controller.m */,
				FE3B6A802057804900738F0B /* KVO_HS_Controller.h */,
				FE3B6A812057804900738F0B /* KVO_HS_Controller.m */,
				FE3B6A832057805700738F0B /* KVO_UI_Controller.h */,
				FE3B6A842057805700738F0B /* KVO_UI_Controller.m */,
				FE3B6A7420577E5700738F0B /* ListViewController.h */,
				FE3B6A7520577E5700738F0B /* ListViewController.m */,
				FE8CADAF204FC9250015A3F7 /* main.m */,
				FE3B6A7120577E0F00738F0B /* MainViewController.h */,
				FE3B6A7220577E0F00738F0B /* MainViewController.m */,
				FE8CADE0204FD7F50015A3F7 /* Person.h */,
				FE8CADE1204FD7F50015A3F7 /* Person.m */,
				FE3B6A6E20576F9400738F0B /* Toast.h */,
				FE3B6A6F20576F9400738F0B /* Toast.m */,
			);
			path = HSKVODemo;
			sourceTree = "<group>";
		};
		FE8CADC2204FCA320015A3F7 /* HSKVOTests */ = {
			isa = PBXGroup;
			children = (
				FE8B870820590420008B9E4E /* CompareTests.m */,
				FE8B870720590420008B9E4E /* HSKVOTests.m */,
				FE8CADC5204FCA320015A3F7 /* Info.plist */,
			);
			path = HSKVOTests;
			sourceTree = "<group>";
		};
		FE8CADCD204FCAC90015A3F7 /* internal */ = {
			isa = PBXGroup;
			children = (
				FE8CADF12050BE1B0015A3F7 /* HSKVODeallocSwizzle.h */,
				FE8CADF22050BE1C0015A3F7 /* HSKVODeallocSwizzle.m */,
				FE8CADD2204FCAC90015A3F7 /* HSKVOManager.h */,
				FE8CADCE204FCAC90015A3F7 /* HSKVOManager.m */,
				FE8CADCF204FCAC90015A3F7 /* HSKVOObserver.h */,
				FE8CADD4204FCAC90015A3F7 /* HSKVOObserver.m */,
				FE3B6A29205216AA00738F0B /* HSKVOPrivate.h */,
				FE8CADD3204FCAC90015A3F7 /* HSKVORecord.h */,
				FE8CADD0204FCAC90015A3F7 /* HSKVORecord.m */,
			);
			path = internal;
			sourceTree = "<group>";
		};
/* End PBXGroup section */

/* Begin PBXNativeTarget section */
		FE8CAD92204FC8E70015A3F7 /* HSKVO */ = {
			isa = PBXNativeTarget;
			buildConfigurationList = FE8CADA9204FC8E70015A3F7 /* Build configuration list for PBXNativeTarget "HSKVO" */;
			buildPhases = (
				09199078D97CC2387AB47ACD /* [CP] Check Pods Manifest.lock */,
				FE8CAD8F204FC8E70015A3F7 /* Sources */,
				FE8CAD90204FC8E70015A3F7 /* Frameworks */,
				FE8CAD91204FC8E70015A3F7 /* Resources */,
				ECEBCD4656DCA80359E39C98 /* [CP] Embed Pods Frameworks */,
				9C1D3933E03709250530F902 /* [CP] Copy Pods Resources */,
			);
			buildRules = (
			);
			dependencies = (
			);
			name = HSKVO;
			productName = HSKVO;
			productReference = FE8CAD93204FC8E70015A3F7 /* HSKVO.app */;
			productType = "com.apple.product-type.application";
		};
		FE8CADC0204FCA320015A3F7 /* HSKVOTests */ = {
			isa = PBXNativeTarget;
			buildConfigurationList = FE8CADC8204FCA320015A3F7 /* Build configuration list for PBXNativeTarget "HSKVOTests" */;
			buildPhases = (
				3C2C2613BE5A441EDA009C37 /* [CP] Check Pods Manifest.lock */,
				FE8CADBD204FCA320015A3F7 /* Sources */,
				FE8CADBE204FCA320015A3F7 /* Frameworks */,
				FE8CADBF204FCA320015A3F7 /* Resources */,
				54B221AAF1E41B1366B74317 /* [CP] Embed Pods Frameworks */,
				E79EE81FCB88811262EBB426 /* [CP] Copy Pods Resources */,
			);
			buildRules = (
			);
			dependencies = (
				FE8CADC7204FCA320015A3F7 /* PBXTargetDependency */,
			);
			name = HSKVOTests;
			productName = HSKVOTests;
			productReference = FE8CADC1204FCA320015A3F7 /* HSKVOTests.xctest */;
			productType = "com.apple.product-type.bundle.unit-test";
		};
/* End PBXNativeTarget section */

/* Begin PBXProject section */
		FE8CAD8B204FC8E70015A3F7 /* Project object */ = {
			isa = PBXProject;
			attributes = {
				LastUpgradeCheck = 0920;
				ORGANIZATIONNAME = shenlujia;
				TargetAttributes = {
					FE8CAD92204FC8E70015A3F7 = {
						CreatedOnToolsVersion = 9.2;
						ProvisioningStyle = Manual;
					};
					FE8CADC0204FCA320015A3F7 = {
						CreatedOnToolsVersion = 9.2;
						ProvisioningStyle = Manual;
						TestTargetID = FE8CAD92204FC8E70015A3F7;
					};
				};
			};
			buildConfigurationList = FE8CAD8E204FC8E70015A3F7 /* Build configuration list for PBXProject "HSKVO" */;
			compatibilityVersion = "Xcode 8.0";
			developmentRegion = en;
			hasScannedForEncodings = 0;
			knownRegions = (
				en,
				Base,
			);
			mainGroup = FE8CAD8A204FC8E70015A3F7;
			productRefGroup = FE8CAD94204FC8E70015A3F7 /* Products */;
			projectDirPath = "";
			projectRoot = "";
			targets = (
				FE8CAD92204FC8E70015A3F7 /* HSKVO */,
				FE8CADC0204FCA320015A3F7 /* HSKVOTests */,
			);
		};
/* End PBXProject section */

/* Begin PBXResourcesBuildPhase section */
		FE8CAD91204FC8E70015A3F7 /* Resources */ = {
			isa = PBXResourcesBuildPhase;
			buildActionMask = 2147483647;
			files = (
				FE8CADB8204FC9F20015A3F7 /* Assets.xcassets in Resources */,
				FE8CADBC204FCA180015A3F7 /* Default-568h@2x.png in Resources */,
			);
			runOnlyForDeploymentPostprocessing = 0;
		};
		FE8CADBF204FCA320015A3F7 /* Resources */ = {
			isa = PBXResourcesBuildPhase;
			buildActionMask = 2147483647;
			files = (
			);
			runOnlyForDeploymentPostprocessing = 0;
		};
/* End PBXResourcesBuildPhase section */

/* Begin PBXShellScriptBuildPhase section */
		09199078D97CC2387AB47ACD /* [CP] Check Pods Manifest.lock */ = {
			isa = PBXShellScriptBuildPhase;
			buildActionMask = 2147483647;
			files = (
			);
			inputPaths = (
				"${PODS_PODFILE_DIR_PATH}/Podfile.lock",
				"${PODS_ROOT}/Manifest.lock",
			);
			name = "[CP] Check Pods Manifest.lock";
			outputPaths = (
				"$(DERIVED_FILE_DIR)/Pods-HSKVO-checkManifestLockResult.txt",
			);
			runOnlyForDeploymentPostprocessing = 0;
			shellPath = /bin/sh;
			shellScript = "diff \"${PODS_PODFILE_DIR_PATH}/Podfile.lock\" \"${PODS_ROOT}/Manifest.lock\" > /dev/null\nif [ $? != 0 ] ; then\n    # print error to STDERR\n    echo \"error: The sandbox is not in sync with the Podfile.lock. Run 'pod install' or update your CocoaPods installation.\" >&2\n    exit 1\nfi\n# This output is used by Xcode 'outputs' to avoid re-running this script phase.\necho \"SUCCESS\" > \"${SCRIPT_OUTPUT_FILE_0}\"\n";
			showEnvVarsInLog = 0;
		};
		3C2C2613BE5A441EDA009C37 /* [CP] Check Pods Manifest.lock */ = {
			isa = PBXShellScriptBuildPhase;
			buildActionMask = 2147483647;
			files = (
			);
			inputPaths = (
				"${PODS_PODFILE_DIR_PATH}/Podfile.lock",
				"${PODS_ROOT}/Manifest.lock",
			);
			name = "[CP] Check Pods Manifest.lock";
			outputPaths = (
				"$(DERIVED_FILE_DIR)/Pods-HSKVOTests-checkManifestLockResult.txt",
			);
			runOnlyForDeploymentPostprocessing = 0;
			shellPath = /bin/sh;
			shellScript = "diff \"${PODS_PODFILE_DIR_PATH}/Podfile.lock\" \"${PODS_ROOT}/Manifest.lock\" > /dev/null\nif [ $? != 0 ] ; then\n    # print error to STDERR\n    echo \"error: The sandbox is not in sync with the Podfile.lock. Run 'pod install' or update your CocoaPods installation.\" >&2\n    exit 1\nfi\n# This output is used by Xcode 'outputs' to avoid re-running this script phase.\necho \"SUCCESS\" > \"${SCRIPT_OUTPUT_FILE_0}\"\n";
			showEnvVarsInLog = 0;
		};
		54B221AAF1E41B1366B74317 /* [CP] Embed Pods Frameworks */ = {
			isa = PBXShellScriptBuildPhase;
			buildActionMask = 2147483647;
			files = (
			);
			inputPaths = (
			);
			name = "[CP] Embed Pods Frameworks";
			outputPaths = (
			);
			runOnlyForDeploymentPostprocessing = 0;
			shellPath = /bin/sh;
			shellScript = "\"${SRCROOT}/Pods/Target Support Files/Pods-HSKVOTests/Pods-HSKVOTests-frameworks.sh\"\n";
			showEnvVarsInLog = 0;
		};
		9C1D3933E03709250530F902 /* [CP] Copy Pods Resources */ = {
			isa = PBXShellScriptBuildPhase;
			buildActionMask = 2147483647;
			files = (
			);
			inputPaths = (
				"${SRCROOT}/Pods/Target Support Files/Pods-HSKVO/Pods-HSKVO-resources.sh",
				"${PODS_ROOT}/SVProgressHUD/SVProgressHUD/SVProgressHUD.bundle",
			);
			name = "[CP] Copy Pods Resources";
			outputPaths = (
				"${TARGET_BUILD_DIR}/${UNLOCALIZED_RESOURCES_FOLDER_PATH}",
			);
			runOnlyForDeploymentPostprocessing = 0;
			shellPath = /bin/sh;
			shellScript = "\"${SRCROOT}/Pods/Target Support Files/Pods-HSKVO/Pods-HSKVO-resources.sh\"\n";
			showEnvVarsInLog = 0;
		};
		E79EE81FCB88811262EBB426 /* [CP] Copy Pods Resources */ = {
			isa = PBXShellScriptBuildPhase;
			buildActionMask = 2147483647;
			files = (
			);
			inputPaths = (
				"${SRCROOT}/Pods/Target Support Files/Pods-HSKVOTests/Pods-HSKVOTests-resources.sh",
				"${PODS_ROOT}/SVProgressHUD/SVProgressHUD/SVProgressHUD.bundle",
			);
			name = "[CP] Copy Pods Resources";
			outputPaths = (
				"${TARGET_BUILD_DIR}/${UNLOCALIZED_RESOURCES_FOLDER_PATH}",
			);
			runOnlyForDeploymentPostprocessing = 0;
			shellPath = /bin/sh;
			shellScript = "\"${SRCROOT}/Pods/Target Support Files/Pods-HSKVOTests/Pods-HSKVOTests-resources.sh\"\n";
			showEnvVarsInLog = 0;
		};
		ECEBCD4656DCA80359E39C98 /* [CP] Embed Pods Frameworks */ = {
			isa = PBXShellScriptBuildPhase;
			buildActionMask = 2147483647;
			files = (
			);
			inputPaths = (
			);
			name = "[CP] Embed Pods Frameworks";
			outputPaths = (
			);
			runOnlyForDeploymentPostprocessing = 0;
			shellPath = /bin/sh;
			shellScript = "\"${SRCROOT}/Pods/Target Support Files/Pods-HSKVO/Pods-HSKVO-frameworks.sh\"\n";
			showEnvVarsInLog = 0;
		};
/* End PBXShellScriptBuildPhase section */

/* Begin PBXSourcesBuildPhase section */
		FE8CAD8F204FC8E70015A3F7 /* Sources */ = {
			isa = PBXSourcesBuildPhase;
			buildActionMask = 2147483647;
			files = (
				FE3B6A7320577E0F00738F0B /* MainViewController.m in Sources */,
				FE3B6A852057805700738F0B /* KVO_UI_Controller.m in Sources */,
				FE3B6A7620577E5700738F0B /* ListViewController.m in Sources */,
				FE8CADE2204FD7F50015A3F7 /* Person.m in Sources */,
				FE8CADDC204FCAC90015A3F7 /* NSObject+HSKVO.m in Sources */,
				FE8CADF32050BE1C0015A3F7 /* HSKVODeallocSwizzle.m in Sources */,
				FE8CADDB204FCAC90015A3F7 /* HSKVOObserver.m in Sources */,
				FE3B6A822057804900738F0B /* KVO_HS_Controller.m in Sources */,
				FE3B6A7F2057803C00738F0B /* KVO_FB_Controller.m in Sources */,
				FE3B6A7020576F9400738F0B /* Toast.m in Sources */,
				FE8B87142059157B008B9E4E /* NSObject+SSSwizzleDealloc.m in Sources */,
				FE8CADD8204FCAC90015A3F7 /* HSKVOManager.m in Sources */,
				FE8CADD9204FCAC90015A3F7 /* HSKVORecord.m in Sources */,
				FE8CADB3204FC9250015A3F7 /* main.m in Sources */,
				FE8CADB4204FC9250015A3F7 /* AppDelegate.m in Sources */,
			);
			runOnlyForDeploymentPostprocessing = 0;
		};
		FE8CADBD204FCA320015A3F7 /* Sources */ = {
			isa = PBXSourcesBuildPhase;
			buildActionMask = 2147483647;
			files = (
				FE8B870920590420008B9E4E /* HSKVOTests.m in Sources */,
				FE8B870A20590420008B9E4E /* CompareTests.m in Sources */,
			);
			runOnlyForDeploymentPostprocessing = 0;
		};
/* End PBXSourcesBuildPhase section */

/* Begin PBXTargetDependency section */
		FE8CADC7204FCA320015A3F7 /* PBXTargetDependency */ = {
			isa = PBXTargetDependency;
			target = FE8CAD92204FC8E70015A3F7 /* HSKVO */;
			targetProxy = FE8CADC6204FCA320015A3F7 /* PBXContainerItemProxy */;
		};
/* End PBXTargetDependency section */

/* Begin XCBuildConfiguration section */
		FE8CADA7204FC8E70015A3F7 /* Debug */ = {
			isa = XCBuildConfiguration;
			buildSettings = {
				ALWAYS_SEARCH_USER_PATHS = NO;
				CLANG_ANALYZER_NONNULL = YES;
				CLANG_ANALYZER_NUMBER_OBJECT_CONVERSION = YES_AGGRESSIVE;
				CLANG_CXX_LANGUAGE_STANDARD = "gnu++14";
				CLANG_CXX_LIBRARY = "libc++";
				CLANG_ENABLE_MODULES = YES;
				CLANG_ENABLE_OBJC_ARC = YES;
				CLANG_WARN_BLOCK_CAPTURE_AUTORELEASING = YES;
				CLANG_WARN_BOOL_CONVERSION = YES;
				CLANG_WARN_COMMA = YES;
				CLANG_WARN_CONSTANT_CONVERSION = YES;
				CLANG_WARN_DIRECT_OBJC_ISA_USAGE = YES_ERROR;
				CLANG_WARN_DOCUMENTATION_COMMENTS = YES;
				CLANG_WARN_EMPTY_BODY = YES;
				CLANG_WARN_ENUM_CONVERSION = YES;
				CLANG_WARN_INFINITE_RECURSION = YES;
				CLANG_WARN_INT_CONVERSION = YES;
				CLANG_WARN_NON_LITERAL_NULL_CONVERSION = YES;
				CLANG_WARN_OBJC_LITERAL_CONVERSION = YES;
				CLANG_WARN_OBJC_ROOT_CLASS = YES_ERROR;
				CLANG_WARN_RANGE_LOOP_ANALYSIS = YES;
				CLANG_WARN_STRICT_PROTOTYPES = YES;
				CLANG_WARN_SUSPICIOUS_MOVE = YES;
				CLANG_WARN_UNGUARDED_AVAILABILITY = YES_AGGRESSIVE;
				CLANG_WARN_UNREACHABLE_CODE = YES;
				CLANG_WARN__DUPLICATE_METHOD_MATCH = YES;
				CODE_SIGN_IDENTITY = "iPhone Developer";
				COPY_PHASE_STRIP = NO;
				DEBUG_INFORMATION_FORMAT = dwarf;
				ENABLE_STRICT_OBJC_MSGSEND = YES;
				ENABLE_TESTABILITY = YES;
				GCC_C_LANGUAGE_STANDARD = gnu11;
				GCC_DYNAMIC_NO_PIC = NO;
				GCC_NO_COMMON_BLOCKS = YES;
				GCC_OPTIMIZATION_LEVEL = 0;
				GCC_PREPROCESSOR_DEFINITIONS = (
					"DEBUG=1",
					"$(inherited)",
				);
				GCC_WARN_64_TO_32_BIT_CONVERSION = YES;
				GCC_WARN_ABOUT_RETURN_TYPE = YES_ERROR;
				GCC_WARN_UNDECLARED_SELECTOR = YES;
				GCC_WARN_UNINITIALIZED_AUTOS = YES_AGGRESSIVE;
				GCC_WARN_UNUSED_FUNCTION = YES;
				GCC_WARN_UNUSED_VARIABLE = YES;
				IPHONEOS_DEPLOYMENT_TARGET = 11.2;
				MTL_ENABLE_DEBUG_INFO = YES;
				ONLY_ACTIVE_ARCH = YES;
				SDKROOT = iphoneos;
			};
			name = Debug;
		};
		FE8CADA8204FC8E70015A3F7 /* Release */ = {
			isa = XCBuildConfiguration;
			buildSettings = {
				ALWAYS_SEARCH_USER_PATHS = NO;
				CLANG_ANALYZER_NONNULL = YES;
				CLANG_ANALYZER_NUMBER_OBJECT_CONVERSION = YES_AGGRESSIVE;
				CLANG_CXX_LANGUAGE_STANDARD = "gnu++14";
				CLANG_CXX_LIBRARY = "libc++";
				CLANG_ENABLE_MODULES = YES;
				CLANG_ENABLE_OBJC_ARC = YES;
				CLANG_WARN_BLOCK_CAPTURE_AUTORELEASING = YES;
				CLANG_WARN_BOOL_CONVERSION = YES;
				CLANG_WARN_COMMA = YES;
				CLANG_WARN_CONSTANT_CONVERSION = YES;
				CLANG_WARN_DIRECT_OBJC_ISA_USAGE = YES_ERROR;
				CLANG_WARN_DOCUMENTATION_COMMENTS = YES;
				CLANG_WARN_EMPTY_BODY = YES;
				CLANG_WARN_ENUM_CONVERSION = YES;
				CLANG_WARN_INFINITE_RECURSION = YES;
				CLANG_WARN_INT_CONVERSION = YES;
				CLANG_WARN_NON_LITERAL_NULL_CONVERSION = YES;
				CLANG_WARN_OBJC_LITERAL_CONVERSION = YES;
				CLANG_WARN_OBJC_ROOT_CLASS = YES_ERROR;
				CLANG_WARN_RANGE_LOOP_ANALYSIS = YES;
				CLANG_WARN_STRICT_PROTOTYPES = YES;
				CLANG_WARN_SUSPICIOUS_MOVE = YES;
				CLANG_WARN_UNGUARDED_AVAILABILITY = YES_AGGRESSIVE;
				CLANG_WARN_UNREACHABLE_CODE = YES;
				CLANG_WARN__DUPLICATE_METHOD_MATCH = YES;
				CODE_SIGN_IDENTITY = "iPhone Developer";
				COPY_PHASE_STRIP = NO;
				DEBUG_INFORMATION_FORMAT = "dwarf-with-dsym";
				ENABLE_NS_ASSERTIONS = NO;
				ENABLE_STRICT_OBJC_MSGSEND = YES;
				GCC_C_LANGUAGE_STANDARD = gnu11;
				GCC_NO_COMMON_BLOCKS = YES;
				GCC_WARN_64_TO_32_BIT_CONVERSION = YES;
				GCC_WARN_ABOUT_RETURN_TYPE = YES_ERROR;
				GCC_WARN_UNDECLARED_SELECTOR = YES;
				GCC_WARN_UNINITIALIZED_AUTOS = YES_AGGRESSIVE;
				GCC_WARN_UNUSED_FUNCTION = YES;
				GCC_WARN_UNUSED_VARIABLE = YES;
				IPHONEOS_DEPLOYMENT_TARGET = 11.2;
				MTL_ENABLE_DEBUG_INFO = NO;
				SDKROOT = iphoneos;
				VALIDATE_PRODUCT = YES;
			};
			name = Release;
		};
		FE8CADAA204FC8E70015A3F7 /* Debug */ = {
			isa = XCBuildConfiguration;
			baseConfigurationReference = 37BD071F6B1C0013C290F3AB /* Pods-HSKVO.debug.xcconfig */;
			buildSettings = {
				ASSETCATALOG_COMPILER_APPICON_NAME = AppIcon;
				CODE_SIGN_STYLE = Manual;
				DEVELOPMENT_TEAM = "";
				GCC_OPTIMIZATION_LEVEL = 0;
				INFOPLIST_FILE = "$(SRCROOT)/HSKVODemo/Info.plist";
				IPHONEOS_DEPLOYMENT_TARGET = 8.0;
				LD_RUNPATH_SEARCH_PATHS = "$(inherited) @executable_path/Frameworks";
				PRODUCT_BUNDLE_IDENTIFIER = SS.HSKVO;
				PRODUCT_NAME = "$(TARGET_NAME)";
				PROVISIONING_PROFILE_SPECIFIER = "";
				TARGETED_DEVICE_FAMILY = "1,2";
			};
			name = Debug;
		};
		FE8CADAB204FC8E70015A3F7 /* Release */ = {
			isa = XCBuildConfiguration;
			baseConfigurationReference = AE2472D7F131D6326AB5CA06 /* Pods-HSKVO.release.xcconfig */;
			buildSettings = {
				ASSETCATALOG_COMPILER_APPICON_NAME = AppIcon;
				CODE_SIGN_STYLE = Manual;
				DEVELOPMENT_TEAM = "";
				INFOPLIST_FILE = "$(SRCROOT)/HSKVODemo/Info.plist";
				IPHONEOS_DEPLOYMENT_TARGET = 8.0;
				LD_RUNPATH_SEARCH_PATHS = "$(inherited) @executable_path/Frameworks";
				PRODUCT_BUNDLE_IDENTIFIER = SS.HSKVO;
				PRODUCT_NAME = "$(TARGET_NAME)";
				PROVISIONING_PROFILE_SPECIFIER = "";
				TARGETED_DEVICE_FAMILY = "1,2";
			};
			name = Release;
		};
		FE8CADC9204FCA320015A3F7 /* Debug */ = {
			isa = XCBuildConfiguration;
			baseConfigurationReference = B1C5ADF395BCA24D9F16209C /* Pods-HSKVOTests.debug.xcconfig */;
			buildSettings = {
				BUNDLE_LOADER = "$(TEST_HOST)";
				CODE_SIGN_STYLE = Manual;
				DEVELOPMENT_TEAM = "";
				INFOPLIST_FILE = HSKVOTests/Info.plist;
				LD_RUNPATH_SEARCH_PATHS = "$(inherited) @executable_path/Frameworks @loader_path/Frameworks";
				PRODUCT_BUNDLE_IDENTIFIER = SS.HSKVOTests;
				PRODUCT_NAME = "$(TARGET_NAME)";
				PROVISIONING_PROFILE_SPECIFIER = "";
				TARGETED_DEVICE_FAMILY = "1,2";
				TEST_HOST = "$(BUILT_PRODUCTS_DIR)/HSKVO.app/HSKVO";
			};
			name = Debug;
		};
		FE8CADCA204FCA320015A3F7 /* Release */ = {
			isa = XCBuildConfiguration;
			baseConfigurationReference = BBB17D3C36D482165B2AF094 /* Pods-HSKVOTests.release.xcconfig */;
			buildSettings = {
				BUNDLE_LOADER = "$(TEST_HOST)";
				CODE_SIGN_STYLE = Manual;
				DEVELOPMENT_TEAM = "";
				INFOPLIST_FILE = HSKVOTests/Info.plist;
				LD_RUNPATH_SEARCH_PATHS = "$(inherited) @executable_path/Frameworks @loader_path/Frameworks";
				PRODUCT_BUNDLE_IDENTIFIER = SS.HSKVOTests;
				PRODUCT_NAME = "$(TARGET_NAME)";
				PROVISIONING_PROFILE_SPECIFIER = "";
				TARGETED_DEVICE_FAMILY = "1,2";
				TEST_HOST = "$(BUILT_PRODUCTS_DIR)/HSKVO.app/HSKVO";
			};
			name = Release;
		};
/* End XCBuildConfiguration section */

/* Begin XCConfigurationList section */
		FE8CAD8E204FC8E70015A3F7 /* Build configuration list for PBXProject "HSKVO" */ = {
			isa = XCConfigurationList;
			buildConfigurations = (
				FE8CADA7204FC8E70015A3F7 /* Debug */,
				FE8CADA8204FC8E70015A3F7 /* Release */,
			);
			defaultConfigurationIsVisible = 0;
			defaultConfigurationName = Release;
		};
		FE8CADA9204FC8E70015A3F7 /* Build configuration list for PBXNativeTarget "HSKVO" */ = {
			isa = XCConfigurationList;
			buildConfigurations = (
				FE8CADAA204FC8E70015A3F7 /* Debug */,
				FE8CADAB204FC8E70015A3F7 /* Release */,
			);
			defaultConfigurationIsVisible = 0;
			defaultConfigurationName = Release;
		};
		FE8CADC8204FCA320015A3F7 /* Build configuration list for PBXNativeTarget "HSKVOTests" */ = {
			isa = XCConfigurationList;
			buildConfigurations = (
				FE8CADC9204FCA320015A3F7 /* Debug */,
				FE8CADCA204FCA320015A3F7 /* Release */,
			);
			defaultConfigurationIsVisible = 0;
			defaultConfigurationName = Release;
		};
/* End XCConfigurationList section */
	};
	rootObject = FE8CAD8B204FC8E70015A3F7 /* Project object */;
}
