PODS:
  - Bugly (2.5.91)
  - FBRetainCycleDetector (0.1.4)
  - fishhook (0.2)
  - FLEX (4.7.0)
  - KVOController (1.2.0)
  - lottie-ios (2.5.3)
  - Mantle (2.2.0):
    - Mantle/extobjc (= 2.2.0)
  - Mantle/extobjc (2.2.0)
  - Masonry (1.1.0)

DEPENDENCIES:
  - Bugly
  - FBRetainCycleDetector
  - fishhook
  - FLEX
  - KVOController
  - lottie-ios (= 2.5.3)
  - Mantle
  - Masonry

SPEC REPOS:
  https://github.com/cocoapods/specs.git:
    - Bugly
    - FBRetainCycleDetector
    - fishhook
    - FLEX
    - KVOController
    - lottie-ios
    - Mantle
    - Masonry

SPEC CHECKSUMS:
  Bugly: afe841bba2ea6de6d432a3c125240a5e75949c55
  FBRetainCycleDetector: 46f8179bbb1c587deee3ea838a1a3ee02acf5015
  fishhook: ea19933abfe8f2f52c55fd8b6e2718467d3ebc89
  FLEX: bdc9ac7d4a239e3d04c298c01221203257d63a80
  KVOController: d72ace34afea42468329623b3379ab3cd1d286b6
  lottie-ios: a50d5c0160425cd4b01b852bb9578963e6d92d31
  Mantle: c5aa8794a29a022dfbbfc9799af95f477a69b62d
  Masonry: 678fab65091a9290e40e2832a55e7ab731aad201

PODFILE CHECKSUM: 51c84a652744c024dbe36da9b6bd20052e6f26ba

COCOAPODS: 1.7.5
