// !$*UTF8*$!
{
	archiveVersion = 1;
	classes = {
	};
	objectVersion = 56;
	objects = {

/* Begin PBXBuildFile section */
		5E25B9F42ACE49CB00425BA4 /* AppDelegate.m in Sources */ = {isa = PBXBuildFile; fileRef = 5E25B9F32ACE49CB00425BA4 /* AppDelegate.m */; };
		5E25B9FA2ACE49CB00425BA4 /* ViewController.m in Sources */ = {isa = PBXBuildFile; fileRef = 5E25B9F92ACE49CB00425BA4 /* ViewController.m */; };
		5E25B9FD2ACE49CB00425BA4 /* Main.storyboard in Resources */ = {isa = PBXBuildFile; fileRef = 5E25B9FB2ACE49CB00425BA4 /* Main.storyboard */; };
		5E25B9FF2ACE49CD00425BA4 /* Assets.xcassets in Resources */ = {isa = PBXBuildFile; fileRef = 5E25B9FE2ACE49CD00425BA4 /* Assets.xcassets */; };
		5E25BA022ACE49CD00425BA4 /* LaunchScreen.storyboard in Resources */ = {isa = PBXBuildFile; fileRef = 5E25BA002ACE49CD00425BA4 /* LaunchScreen.storyboard */; };
		5E25BA052ACE49CD00425BA4 /* main.m in Sources */ = {isa = PBXBuildFile; fileRef = 5E25BA042ACE49CD00425BA4 /* main.m */; };
		5E25BA0F2ACE49CD00425BA4 /* DemoTests.m in Sources */ = {isa = PBXBuildFile; fileRef = 5E25BA0E2ACE49CD00425BA4 /* DemoTests.m */; };
		5E25BA412ACE49F700425BA4 /* NSLayoutConstraint+MASDebugAdditions.m in Sources */ = {isa = PBXBuildFile; fileRef = 5E25BA292ACE49F700425BA4 /* NSLayoutConstraint+MASDebugAdditions.m */; };
		5E25BA422ACE49F700425BA4 /* ViewController+MASAdditions.m in Sources */ = {isa = PBXBuildFile; fileRef = 5E25BA322ACE49F700425BA4 /* ViewController+MASAdditions.m */; };
		5E25BA432ACE49F700425BA4 /* MASCompositeConstraint.m in Sources */ = {isa = PBXBuildFile; fileRef = 5E25BA362ACE49F700425BA4 /* MASCompositeConstraint.m */; };
		5E25BA442ACE49F700425BA4 /* MASConstraintMaker.m in Sources */ = {isa = PBXBuildFile; fileRef = 5E25BA372ACE49F700425BA4 /* MASConstraintMaker.m */; };
		5E25BA452ACE49F700425BA4 /* MASLayoutConstraint.m in Sources */ = {isa = PBXBuildFile; fileRef = 5E25BA382ACE49F700425BA4 /* MASLayoutConstraint.m */; };
		5E25BA462ACE49F700425BA4 /* NSArray+MASAdditions.m in Sources */ = {isa = PBXBuildFile; fileRef = 5E25BA392ACE49F700425BA4 /* NSArray+MASAdditions.m */; };
		5E25BA472ACE49F700425BA4 /* View+MASAdditions.m in Sources */ = {isa = PBXBuildFile; fileRef = 5E25BA3A2ACE49F700425BA4 /* View+MASAdditions.m */; };
		5E25BA482ACE49F700425BA4 /* MASConstraint.m in Sources */ = {isa = PBXBuildFile; fileRef = 5E25BA3D2ACE49F700425BA4 /* MASConstraint.m */; };
		5E25BA492ACE49F700425BA4 /* MASViewConstraint.m in Sources */ = {isa = PBXBuildFile; fileRef = 5E25BA3F2ACE49F700425BA4 /* MASViewConstraint.m */; };
		5E25BA4A2ACE49F700425BA4 /* MASViewAttribute.m in Sources */ = {isa = PBXBuildFile; fileRef = 5E25BA402ACE49F700425BA4 /* MASViewAttribute.m */; };
		5E25BA4D2ACE4A1B00425BA4 /* BaseViewController.m in Sources */ = {isa = PBXBuildFile; fileRef = 5E25BA4C2ACE4A1B00425BA4 /* BaseViewController.m */; };
/* End PBXBuildFile section */

/* Begin PBXContainerItemProxy section */
		5E25BA0B2ACE49CD00425BA4 /* PBXContainerItemProxy */ = {
			isa = PBXContainerItemProxy;
			containerPortal = 5E25B9E72ACE49CB00425BA4 /* Project object */;
			proxyType = 1;
			remoteGlobalIDString = 5E25B9EE2ACE49CB00425BA4;
			remoteInfo = Demo;
		};
/* End PBXContainerItemProxy section */

/* Begin PBXFileReference section */
		5E25B9EF2ACE49CB00425BA4 /* Demo.app */ = {isa = PBXFileReference; explicitFileType = wrapper.application; includeInIndex = 0; path = Demo.app; sourceTree = BUILT_PRODUCTS_DIR; };
		5E25B9F22ACE49CB00425BA4 /* AppDelegate.h */ = {isa = PBXFileReference; lastKnownFileType = sourcecode.c.h; path = AppDelegate.h; sourceTree = "<group>"; };
		5E25B9F32ACE49CB00425BA4 /* AppDelegate.m */ = {isa = PBXFileReference; lastKnownFileType = sourcecode.c.objc; path = AppDelegate.m; sourceTree = "<group>"; };
		5E25B9F82ACE49CB00425BA4 /* ViewController.h */ = {isa = PBXFileReference; lastKnownFileType = sourcecode.c.h; path = ViewController.h; sourceTree = "<group>"; };
		5E25B9F92ACE49CB00425BA4 /* ViewController.m */ = {isa = PBXFileReference; lastKnownFileType = sourcecode.c.objc; path = ViewController.m; sourceTree = "<group>"; };
		5E25B9FC2ACE49CB00425BA4 /* Base */ = {isa = PBXFileReference; lastKnownFileType = file.storyboard; name = Base; path = Base.lproj/Main.storyboard; sourceTree = "<group>"; };
		5E25B9FE2ACE49CD00425BA4 /* Assets.xcassets */ = {isa = PBXFileReference; lastKnownFileType = folder.assetcatalog; path = Assets.xcassets; sourceTree = "<group>"; };
		5E25BA012ACE49CD00425BA4 /* Base */ = {isa = PBXFileReference; lastKnownFileType = file.storyboard; name = Base; path = Base.lproj/LaunchScreen.storyboard; sourceTree = "<group>"; };
		5E25BA032ACE49CD00425BA4 /* Info.plist */ = {isa = PBXFileReference; lastKnownFileType = text.plist.xml; path = Info.plist; sourceTree = "<group>"; };
		5E25BA042ACE49CD00425BA4 /* main.m */ = {isa = PBXFileReference; lastKnownFileType = sourcecode.c.objc; path = main.m; sourceTree = "<group>"; };
		5E25BA0A2ACE49CD00425BA4 /* DemoTests.xctest */ = {isa = PBXFileReference; explicitFileType = wrapper.cfbundle; includeInIndex = 0; path = DemoTests.xctest; sourceTree = BUILT_PRODUCTS_DIR; };
		5E25BA0E2ACE49CD00425BA4 /* DemoTests.m */ = {isa = PBXFileReference; lastKnownFileType = sourcecode.c.objc; path = DemoTests.m; sourceTree = "<group>"; };
		5E25BA282ACE49F700425BA4 /* MASCompositeConstraint.h */ = {isa = PBXFileReference; fileEncoding = 4; lastKnownFileType = sourcecode.c.h; path = MASCompositeConstraint.h; sourceTree = "<group>"; };
		5E25BA292ACE49F700425BA4 /* NSLayoutConstraint+MASDebugAdditions.m */ = {isa = PBXFileReference; fileEncoding = 4; lastKnownFileType = sourcecode.c.objc; path = "NSLayoutConstraint+MASDebugAdditions.m"; sourceTree = "<group>"; };
		5E25BA2A2ACE49F700425BA4 /* MASConstraint+Private.h */ = {isa = PBXFileReference; fileEncoding = 4; lastKnownFileType = sourcecode.c.h; path = "MASConstraint+Private.h"; sourceTree = "<group>"; };
		5E25BA2B2ACE49F700425BA4 /* MASLayoutConstraint.h */ = {isa = PBXFileReference; fileEncoding = 4; lastKnownFileType = sourcecode.c.h; path = MASLayoutConstraint.h; sourceTree = "<group>"; };
		5E25BA2C2ACE49F700425BA4 /* NSArray+MASShorthandAdditions.h */ = {isa = PBXFileReference; fileEncoding = 4; lastKnownFileType = sourcecode.c.h; path = "NSArray+MASShorthandAdditions.h"; sourceTree = "<group>"; };
		5E25BA2D2ACE49F700425BA4 /* MASConstraintMaker.h */ = {isa = PBXFileReference; fileEncoding = 4; lastKnownFileType = sourcecode.c.h; path = MASConstraintMaker.h; sourceTree = "<group>"; };
		5E25BA2E2ACE49F700425BA4 /* View+MASAdditions.h */ = {isa = PBXFileReference; fileEncoding = 4; lastKnownFileType = sourcecode.c.h; path = "View+MASAdditions.h"; sourceTree = "<group>"; };
		5E25BA2F2ACE49F700425BA4 /* NSArray+MASAdditions.h */ = {isa = PBXFileReference; fileEncoding = 4; lastKnownFileType = sourcecode.c.h; path = "NSArray+MASAdditions.h"; sourceTree = "<group>"; };
		5E25BA302ACE49F700425BA4 /* MASUtilities.h */ = {isa = PBXFileReference; fileEncoding = 4; lastKnownFileType = sourcecode.c.h; path = MASUtilities.h; sourceTree = "<group>"; };
		5E25BA312ACE49F700425BA4 /* MASViewAttribute.h */ = {isa = PBXFileReference; fileEncoding = 4; lastKnownFileType = sourcecode.c.h; path = MASViewAttribute.h; sourceTree = "<group>"; };
		5E25BA322ACE49F700425BA4 /* ViewController+MASAdditions.m */ = {isa = PBXFileReference; fileEncoding = 4; lastKnownFileType = sourcecode.c.objc; path = "ViewController+MASAdditions.m"; sourceTree = "<group>"; };
		5E25BA332ACE49F700425BA4 /* MASViewConstraint.h */ = {isa = PBXFileReference; fileEncoding = 4; lastKnownFileType = sourcecode.c.h; path = MASViewConstraint.h; sourceTree = "<group>"; };
		5E25BA342ACE49F700425BA4 /* MASConstraint.h */ = {isa = PBXFileReference; fileEncoding = 4; lastKnownFileType = sourcecode.c.h; path = MASConstraint.h; sourceTree = "<group>"; };
		5E25BA352ACE49F700425BA4 /* NSLayoutConstraint+MASDebugAdditions.h */ = {isa = PBXFileReference; fileEncoding = 4; lastKnownFileType = sourcecode.c.h; path = "NSLayoutConstraint+MASDebugAdditions.h"; sourceTree = "<group>"; };
		5E25BA362ACE49F700425BA4 /* MASCompositeConstraint.m */ = {isa = PBXFileReference; fileEncoding = 4; lastKnownFileType = sourcecode.c.objc; path = MASCompositeConstraint.m; sourceTree = "<group>"; };
		5E25BA372ACE49F700425BA4 /* MASConstraintMaker.m */ = {isa = PBXFileReference; fileEncoding = 4; lastKnownFileType = sourcecode.c.objc; path = MASConstraintMaker.m; sourceTree = "<group>"; };
		5E25BA382ACE49F700425BA4 /* MASLayoutConstraint.m */ = {isa = PBXFileReference; fileEncoding = 4; lastKnownFileType = sourcecode.c.objc; path = MASLayoutConstraint.m; sourceTree = "<group>"; };
		5E25BA392ACE49F700425BA4 /* NSArray+MASAdditions.m */ = {isa = PBXFileReference; fileEncoding = 4; lastKnownFileType = sourcecode.c.objc; path = "NSArray+MASAdditions.m"; sourceTree = "<group>"; };
		5E25BA3A2ACE49F700425BA4 /* View+MASAdditions.m */ = {isa = PBXFileReference; fileEncoding = 4; lastKnownFileType = sourcecode.c.objc; path = "View+MASAdditions.m"; sourceTree = "<group>"; };
		5E25BA3B2ACE49F700425BA4 /* View+MASShorthandAdditions.h */ = {isa = PBXFileReference; fileEncoding = 4; lastKnownFileType = sourcecode.c.h; path = "View+MASShorthandAdditions.h"; sourceTree = "<group>"; };
		5E25BA3C2ACE49F700425BA4 /* Masonry.h */ = {isa = PBXFileReference; fileEncoding = 4; lastKnownFileType = sourcecode.c.h; path = Masonry.h; sourceTree = "<group>"; };
		5E25BA3D2ACE49F700425BA4 /* MASConstraint.m */ = {isa = PBXFileReference; fileEncoding = 4; lastKnownFileType = sourcecode.c.objc; path = MASConstraint.m; sourceTree = "<group>"; };
		5E25BA3E2ACE49F700425BA4 /* ViewController+MASAdditions.h */ = {isa = PBXFileReference; fileEncoding = 4; lastKnownFileType = sourcecode.c.h; path = "ViewController+MASAdditions.h"; sourceTree = "<group>"; };
		5E25BA3F2ACE49F700425BA4 /* MASViewConstraint.m */ = {isa = PBXFileReference; fileEncoding = 4; lastKnownFileType = sourcecode.c.objc; path = MASViewConstraint.m; sourceTree = "<group>"; };
		5E25BA402ACE49F700425BA4 /* MASViewAttribute.m */ = {isa = PBXFileReference; fileEncoding = 4; lastKnownFileType = sourcecode.c.objc; path = MASViewAttribute.m; sourceTree = "<group>"; };
		5E25BA4B2ACE4A1B00425BA4 /* BaseViewController.h */ = {isa = PBXFileReference; fileEncoding = 4; lastKnownFileType = sourcecode.c.h; path = BaseViewController.h; sourceTree = "<group>"; };
		5E25BA4C2ACE4A1B00425BA4 /* BaseViewController.m */ = {isa = PBXFileReference; fileEncoding = 4; lastKnownFileType = sourcecode.c.objc; path = BaseViewController.m; sourceTree = "<group>"; };
/* End PBXFileReference section */

/* Begin PBXFrameworksBuildPhase section */
		5E25B9EC2ACE49CB00425BA4 /* Frameworks */ = {
			isa = PBXFrameworksBuildPhase;
			buildActionMask = 2147483647;
			files = (
			);
			runOnlyForDeploymentPostprocessing = 0;
		};
		5E25BA072ACE49CD00425BA4 /* Frameworks */ = {
			isa = PBXFrameworksBuildPhase;
			buildActionMask = 2147483647;
			files = (
			);
			runOnlyForDeploymentPostprocessing = 0;
		};
/* End PBXFrameworksBuildPhase section */

/* Begin PBXGroup section */
		5E25B9E62ACE49CB00425BA4 = {
			isa = PBXGroup;
			children = (
				5E25BA272ACE49F700425BA4 /* Masonry */,
				5E25B9F12ACE49CB00425BA4 /* Demo */,
				5E25BA0D2ACE49CD00425BA4 /* DemoTests */,
				5E25B9F02ACE49CB00425BA4 /* Products */,
			);
			sourceTree = "<group>";
		};
		5E25B9F02ACE49CB00425BA4 /* Products */ = {
			isa = PBXGroup;
			children = (
				5E25B9EF2ACE49CB00425BA4 /* Demo.app */,
				5E25BA0A2ACE49CD00425BA4 /* DemoTests.xctest */,
			);
			name = Products;
			sourceTree = "<group>";
		};
		5E25B9F12ACE49CB00425BA4 /* Demo */ = {
			isa = PBXGroup;
			children = (
				5E25B9F22ACE49CB00425BA4 /* AppDelegate.h */,
				5E25B9F32ACE49CB00425BA4 /* AppDelegate.m */,
				5E25B9FE2ACE49CD00425BA4 /* Assets.xcassets */,
				5E25BA4B2ACE4A1B00425BA4 /* BaseViewController.h */,
				5E25BA4C2ACE4A1B00425BA4 /* BaseViewController.m */,
				5E25BA032ACE49CD00425BA4 /* Info.plist */,
				5E25BA002ACE49CD00425BA4 /* LaunchScreen.storyboard */,
				5E25BA042ACE49CD00425BA4 /* main.m */,
				5E25B9FB2ACE49CB00425BA4 /* Main.storyboard */,
				5E25B9F82ACE49CB00425BA4 /* ViewController.h */,
				5E25B9F92ACE49CB00425BA4 /* ViewController.m */,
			);
			path = Demo;
			sourceTree = "<group>";
		};
		5E25BA0D2ACE49CD00425BA4 /* DemoTests */ = {
			isa = PBXGroup;
			children = (
				5E25BA0E2ACE49CD00425BA4 /* DemoTests.m */,
			);
			path = DemoTests;
			sourceTree = "<group>";
		};
		5E25BA272ACE49F700425BA4 /* Masonry */ = {
			isa = PBXGroup;
			children = (
				5E25BA282ACE49F700425BA4 /* MASCompositeConstraint.h */,
				5E25BA362ACE49F700425BA4 /* MASCompositeConstraint.m */,
				5E25BA342ACE49F700425BA4 /* MASConstraint.h */,
				5E25BA3D2ACE49F700425BA4 /* MASConstraint.m */,
				5E25BA2A2ACE49F700425BA4 /* MASConstraint+Private.h */,
				5E25BA2D2ACE49F700425BA4 /* MASConstraintMaker.h */,
				5E25BA372ACE49F700425BA4 /* MASConstraintMaker.m */,
				5E25BA2B2ACE49F700425BA4 /* MASLayoutConstraint.h */,
				5E25BA382ACE49F700425BA4 /* MASLayoutConstraint.m */,
				5E25BA3C2ACE49F700425BA4 /* Masonry.h */,
				5E25BA302ACE49F700425BA4 /* MASUtilities.h */,
				5E25BA312ACE49F700425BA4 /* MASViewAttribute.h */,
				5E25BA402ACE49F700425BA4 /* MASViewAttribute.m */,
				5E25BA332ACE49F700425BA4 /* MASViewConstraint.h */,
				5E25BA3F2ACE49F700425BA4 /* MASViewConstraint.m */,
				5E25BA2F2ACE49F700425BA4 /* NSArray+MASAdditions.h */,
				5E25BA392ACE49F700425BA4 /* NSArray+MASAdditions.m */,
				5E25BA2C2ACE49F700425BA4 /* NSArray+MASShorthandAdditions.h */,
				5E25BA352ACE49F700425BA4 /* NSLayoutConstraint+MASDebugAdditions.h */,
				5E25BA292ACE49F700425BA4 /* NSLayoutConstraint+MASDebugAdditions.m */,
				5E25BA2E2ACE49F700425BA4 /* View+MASAdditions.h */,
				5E25BA3A2ACE49F700425BA4 /* View+MASAdditions.m */,
				5E25BA3B2ACE49F700425BA4 /* View+MASShorthandAdditions.h */,
				5E25BA3E2ACE49F700425BA4 /* ViewController+MASAdditions.h */,
				5E25BA322ACE49F700425BA4 /* ViewController+MASAdditions.m */,
			);
			path = Masonry;
			sourceTree = "<group>";
		};
/* End PBXGroup section */

/* Begin PBXNativeTarget section */
		5E25B9EE2ACE49CB00425BA4 /* Demo */ = {
			isa = PBXNativeTarget;
			buildConfigurationList = 5E25BA1E2ACE49CD00425BA4 /* Build configuration list for PBXNativeTarget "Demo" */;
			buildPhases = (
				5E25B9EB2ACE49CB00425BA4 /* Sources */,
				5E25B9EC2ACE49CB00425BA4 /* Frameworks */,
				5E25B9ED2ACE49CB00425BA4 /* Resources */,
			);
			buildRules = (
			);
			dependencies = (
			);
			name = Demo;
			productName = Demo;
			productReference = 5E25B9EF2ACE49CB00425BA4 /* Demo.app */;
			productType = "com.apple.product-type.application";
		};
		5E25BA092ACE49CD00425BA4 /* DemoTests */ = {
			isa = PBXNativeTarget;
			buildConfigurationList = 5E25BA212ACE49CD00425BA4 /* Build configuration list for PBXNativeTarget "DemoTests" */;
			buildPhases = (
				5E25BA062ACE49CD00425BA4 /* Sources */,
				5E25BA072ACE49CD00425BA4 /* Frameworks */,
				5E25BA082ACE49CD00425BA4 /* Resources */,
			);
			buildRules = (
			);
			dependencies = (
				5E25BA0C2ACE49CD00425BA4 /* PBXTargetDependency */,
			);
			name = DemoTests;
			productName = DemoTests;
			productReference = 5E25BA0A2ACE49CD00425BA4 /* DemoTests.xctest */;
			productType = "com.apple.product-type.bundle.unit-test";
		};
/* End PBXNativeTarget section */

/* Begin PBXProject section */
		5E25B9E72ACE49CB00425BA4 /* Project object */ = {
			isa = PBXProject;
			attributes = {
				BuildIndependentTargetsInParallel = 1;
				LastUpgradeCheck = 1420;
				TargetAttributes = {
					5E25B9EE2ACE49CB00425BA4 = {
						CreatedOnToolsVersion = 14.2;
					};
					5E25BA092ACE49CD00425BA4 = {
						CreatedOnToolsVersion = 14.2;
						TestTargetID = 5E25B9EE2ACE49CB00425BA4;
					};
				};
			};
			buildConfigurationList = 5E25B9EA2ACE49CB00425BA4 /* Build configuration list for PBXProject "Demo" */;
			compatibilityVersion = "Xcode 14.0";
			developmentRegion = en;
			hasScannedForEncodings = 0;
			knownRegions = (
				en,
				Base,
			);
			mainGroup = 5E25B9E62ACE49CB00425BA4;
			productRefGroup = 5E25B9F02ACE49CB00425BA4 /* Products */;
			projectDirPath = "";
			projectRoot = "";
			targets = (
				5E25B9EE2ACE49CB00425BA4 /* Demo */,
				5E25BA092ACE49CD00425BA4 /* DemoTests */,
			);
		};
/* End PBXProject section */

/* Begin PBXResourcesBuildPhase section */
		5E25B9ED2ACE49CB00425BA4 /* Resources */ = {
			isa = PBXResourcesBuildPhase;
			buildActionMask = 2147483647;
			files = (
				5E25BA022ACE49CD00425BA4 /* LaunchScreen.storyboard in Resources */,
				5E25B9FF2ACE49CD00425BA4 /* Assets.xcassets in Resources */,
				5E25B9FD2ACE49CB00425BA4 /* Main.storyboard in Resources */,
			);
			runOnlyForDeploymentPostprocessing = 0;
		};
		5E25BA082ACE49CD00425BA4 /* Resources */ = {
			isa = PBXResourcesBuildPhase;
			buildActionMask = 2147483647;
			files = (
			);
			runOnlyForDeploymentPostprocessing = 0;
		};
/* End PBXResourcesBuildPhase section */

/* Begin PBXSourcesBuildPhase section */
		5E25B9EB2ACE49CB00425BA4 /* Sources */ = {
			isa = PBXSourcesBuildPhase;
			buildActionMask = 2147483647;
			files = (
				5E25BA492ACE49F700425BA4 /* MASViewConstraint.m in Sources */,
				5E25BA4D2ACE4A1B00425BA4 /* BaseViewController.m in Sources */,
				5E25BA4A2ACE49F700425BA4 /* MASViewAttribute.m in Sources */,
				5E25B9FA2ACE49CB00425BA4 /* ViewController.m in Sources */,
				5E25B9F42ACE49CB00425BA4 /* AppDelegate.m in Sources */,
				5E25BA462ACE49F700425BA4 /* NSArray+MASAdditions.m in Sources */,
				5E25BA422ACE49F700425BA4 /* ViewController+MASAdditions.m in Sources */,
				5E25BA432ACE49F700425BA4 /* MASCompositeConstraint.m in Sources */,
				5E25BA052ACE49CD00425BA4 /* main.m in Sources */,
				5E25BA472ACE49F700425BA4 /* View+MASAdditions.m in Sources */,
				5E25BA442ACE49F700425BA4 /* MASConstraintMaker.m in Sources */,
				5E25BA482ACE49F700425BA4 /* MASConstraint.m in Sources */,
				5E25BA412ACE49F700425BA4 /* NSLayoutConstraint+MASDebugAdditions.m in Sources */,
				5E25BA452ACE49F700425BA4 /* MASLayoutConstraint.m in Sources */,
			);
			runOnlyForDeploymentPostprocessing = 0;
		};
		5E25BA062ACE49CD00425BA4 /* Sources */ = {
			isa = PBXSourcesBuildPhase;
			buildActionMask = 2147483647;
			files = (
				5E25BA0F2ACE49CD00425BA4 /* DemoTests.m in Sources */,
			);
			runOnlyForDeploymentPostprocessing = 0;
		};
/* End PBXSourcesBuildPhase section */

/* Begin PBXTargetDependency section */
		5E25BA0C2ACE49CD00425BA4 /* PBXTargetDependency */ = {
			isa = PBXTargetDependency;
			target = 5E25B9EE2ACE49CB00425BA4 /* Demo */;
			targetProxy = 5E25BA0B2ACE49CD00425BA4 /* PBXContainerItemProxy */;
		};
/* End PBXTargetDependency section */

/* Begin PBXVariantGroup section */
		5E25B9FB2ACE49CB00425BA4 /* Main.storyboard */ = {
			isa = PBXVariantGroup;
			children = (
				5E25B9FC2ACE49CB00425BA4 /* Base */,
			);
			name = Main.storyboard;
			sourceTree = "<group>";
		};
		5E25BA002ACE49CD00425BA4 /* LaunchScreen.storyboard */ = {
			isa = PBXVariantGroup;
			children = (
				5E25BA012ACE49CD00425BA4 /* Base */,
			);
			name = LaunchScreen.storyboard;
			sourceTree = "<group>";
		};
/* End PBXVariantGroup section */

/* Begin XCBuildConfiguration section */
		5E25BA1C2ACE49CD00425BA4 /* Debug */ = {
			isa = XCBuildConfiguration;
			buildSettings = {
				ALWAYS_SEARCH_USER_PATHS = NO;
				CLANG_ANALYZER_NONNULL = YES;
				CLANG_ANALYZER_NUMBER_OBJECT_CONVERSION = YES_AGGRESSIVE;
				CLANG_CXX_LANGUAGE_STANDARD = "gnu++20";
				CLANG_ENABLE_MODULES = YES;
				CLANG_ENABLE_OBJC_ARC = YES;
				CLANG_ENABLE_OBJC_WEAK = YES;
				CLANG_WARN_BLOCK_CAPTURE_AUTORELEASING = YES;
				CLANG_WARN_BOOL_CONVERSION = YES;
				CLANG_WARN_COMMA = YES;
				CLANG_WARN_CONSTANT_CONVERSION = YES;
				CLANG_WARN_DEPRECATED_OBJC_IMPLEMENTATIONS = YES;
				CLANG_WARN_DIRECT_OBJC_ISA_USAGE = YES_ERROR;
				CLANG_WARN_DOCUMENTATION_COMMENTS = YES;
				CLANG_WARN_EMPTY_BODY = YES;
				CLANG_WARN_ENUM_CONVERSION = YES;
				CLANG_WARN_INFINITE_RECURSION = YES;
				CLANG_WARN_INT_CONVERSION = YES;
				CLANG_WARN_NON_LITERAL_NULL_CONVERSION = YES;
				CLANG_WARN_OBJC_IMPLICIT_RETAIN_SELF = YES;
				CLANG_WARN_OBJC_LITERAL_CONVERSION = YES;
				CLANG_WARN_OBJC_ROOT_CLASS = YES_ERROR;
				CLANG_WARN_QUOTED_INCLUDE_IN_FRAMEWORK_HEADER = YES;
				CLANG_WARN_RANGE_LOOP_ANALYSIS = YES;
				CLANG_WARN_STRICT_PROTOTYPES = YES;
				CLANG_WARN_SUSPICIOUS_MOVE = YES;
				CLANG_WARN_UNGUARDED_AVAILABILITY = YES_AGGRESSIVE;
				CLANG_WARN_UNREACHABLE_CODE = YES;
				CLANG_WARN__DUPLICATE_METHOD_MATCH = YES;
				COPY_PHASE_STRIP = NO;
				DEBUG_INFORMATION_FORMAT = dwarf;
				ENABLE_STRICT_OBJC_MSGSEND = YES;
				ENABLE_TESTABILITY = YES;
				GCC_C_LANGUAGE_STANDARD = gnu11;
				GCC_DYNAMIC_NO_PIC = NO;
				GCC_NO_COMMON_BLOCKS = YES;
				GCC_OPTIMIZATION_LEVEL = 0;
				GCC_PREPROCESSOR_DEFINITIONS = (
					"DEBUG=1",
					"$(inherited)",
				);
				GCC_WARN_64_TO_32_BIT_CONVERSION = YES;
				GCC_WARN_ABOUT_RETURN_TYPE = YES_ERROR;
				GCC_WARN_UNDECLARED_SELECTOR = YES;
				GCC_WARN_UNINITIALIZED_AUTOS = YES_AGGRESSIVE;
				GCC_WARN_UNUSED_FUNCTION = YES;
				GCC_WARN_UNUSED_VARIABLE = YES;
				IPHONEOS_DEPLOYMENT_TARGET = 16.2;
				MTL_ENABLE_DEBUG_INFO = INCLUDE_SOURCE;
				MTL_FAST_MATH = YES;
				ONLY_ACTIVE_ARCH = YES;
				SDKROOT = iphoneos;
			};
			name = Debug;
		};
		5E25BA1D2ACE49CD00425BA4 /* Release */ = {
			isa = XCBuildConfiguration;
			buildSettings = {
				ALWAYS_SEARCH_USER_PATHS = NO;
				CLANG_ANALYZER_NONNULL = YES;
				CLANG_ANALYZER_NUMBER_OBJECT_CONVERSION = YES_AGGRESSIVE;
				CLANG_CXX_LANGUAGE_STANDARD = "gnu++20";
				CLANG_ENABLE_MODULES = YES;
				CLANG_ENABLE_OBJC_ARC = YES;
				CLANG_ENABLE_OBJC_WEAK = YES;
				CLANG_WARN_BLOCK_CAPTURE_AUTORELEASING = YES;
				CLANG_WARN_BOOL_CONVERSION = YES;
				CLANG_WARN_COMMA = YES;
				CLANG_WARN_CONSTANT_CONVERSION = YES;
				CLANG_WARN_DEPRECATED_OBJC_IMPLEMENTATIONS = YES;
				CLANG_WARN_DIRECT_OBJC_ISA_USAGE = YES_ERROR;
				CLANG_WARN_DOCUMENTATION_COMMENTS = YES;
				CLANG_WARN_EMPTY_BODY = YES;
				CLANG_WARN_ENUM_CONVERSION = YES;
				CLANG_WARN_INFINITE_RECURSION = YES;
				CLANG_WARN_INT_CONVERSION = YES;
				CLANG_WARN_NON_LITERAL_NULL_CONVERSION = YES;
				CLANG_WARN_OBJC_IMPLICIT_RETAIN_SELF = YES;
				CLANG_WARN_OBJC_LITERAL_CONVERSION = YES;
				CLANG_WARN_OBJC_ROOT_CLASS = YES_ERROR;
				CLANG_WARN_QUOTED_INCLUDE_IN_FRAMEWORK_HEADER = YES;
				CLANG_WARN_RANGE_LOOP_ANALYSIS = YES;
				CLANG_WARN_STRICT_PROTOTYPES = YES;
				CLANG_WARN_SUSPICIOUS_MOVE = YES;
				CLANG_WARN_UNGUARDED_AVAILABILITY = YES_AGGRESSIVE;
				CLANG_WARN_UNREACHABLE_CODE = YES;
				CLANG_WARN__DUPLICATE_METHOD_MATCH = YES;
				COPY_PHASE_STRIP = NO;
				DEBUG_INFORMATION_FORMAT = "dwarf-with-dsym";
				ENABLE_NS_ASSERTIONS = NO;
				ENABLE_STRICT_OBJC_MSGSEND = YES;
				GCC_C_LANGUAGE_STANDARD = gnu11;
				GCC_NO_COMMON_BLOCKS = YES;
				GCC_WARN_64_TO_32_BIT_CONVERSION = YES;
				GCC_WARN_ABOUT_RETURN_TYPE = YES_ERROR;
				GCC_WARN_UNDECLARED_SELECTOR = YES;
				GCC_WARN_UNINITIALIZED_AUTOS = YES_AGGRESSIVE;
				GCC_WARN_UNUSED_FUNCTION = YES;
				GCC_WARN_UNUSED_VARIABLE = YES;
				IPHONEOS_DEPLOYMENT_TARGET = 16.2;
				MTL_ENABLE_DEBUG_INFO = NO;
				MTL_FAST_MATH = YES;
				SDKROOT = iphoneos;
				VALIDATE_PRODUCT = YES;
			};
			name = Release;
		};
		5E25BA1F2ACE49CD00425BA4 /* Debug */ = {
			isa = XCBuildConfiguration;
			buildSettings = {
				ASSETCATALOG_COMPILER_APPICON_NAME = AppIcon;
				ASSETCATALOG_COMPILER_GLOBAL_ACCENT_COLOR_NAME = AccentColor;
				CODE_SIGN_STYLE = Automatic;
				CURRENT_PROJECT_VERSION = 1;
				GENERATE_INFOPLIST_FILE = YES;
				INFOPLIST_FILE = Demo/Info.plist;
				INFOPLIST_KEY_UIApplicationSupportsIndirectInputEvents = YES;
				INFOPLIST_KEY_UILaunchStoryboardName = LaunchScreen;
				INFOPLIST_KEY_UIMainStoryboardFile = Main;
				INFOPLIST_KEY_UISupportedInterfaceOrientations = UIInterfaceOrientationPortrait;
				IPHONEOS_DEPLOYMENT_TARGET = 15.0;
				LD_RUNPATH_SEARCH_PATHS = (
					"$(inherited)",
					"@executable_path/Frameworks",
				);
				MARKETING_VERSION = 1.0;
				PRODUCT_BUNDLE_IDENTIFIER = com.app.ss.slj.demo;
				PRODUCT_NAME = "$(TARGET_NAME)";
				SWIFT_EMIT_LOC_STRINGS = YES;
				TARGETED_DEVICE_FAMILY = "1,2";
			};
			name = Debug;
		};
		5E25BA202ACE49CD00425BA4 /* Release */ = {
			isa = XCBuildConfiguration;
			buildSettings = {
				ASSETCATALOG_COMPILER_APPICON_NAME = AppIcon;
				ASSETCATALOG_COMPILER_GLOBAL_ACCENT_COLOR_NAME = AccentColor;
				CODE_SIGN_STYLE = Automatic;
				CURRENT_PROJECT_VERSION = 1;
				GENERATE_INFOPLIST_FILE = YES;
				INFOPLIST_FILE = Demo/Info.plist;
				INFOPLIST_KEY_UIApplicationSupportsIndirectInputEvents = YES;
				INFOPLIST_KEY_UILaunchStoryboardName = LaunchScreen;
				INFOPLIST_KEY_UIMainStoryboardFile = Main;
				INFOPLIST_KEY_UISupportedInterfaceOrientations = UIInterfaceOrientationPortrait;
				IPHONEOS_DEPLOYMENT_TARGET = 15.0;
				LD_RUNPATH_SEARCH_PATHS = (
					"$(inherited)",
					"@executable_path/Frameworks",
				);
				MARKETING_VERSION = 1.0;
				PRODUCT_BUNDLE_IDENTIFIER = com.app.ss.slj.demo;
				PRODUCT_NAME = "$(TARGET_NAME)";
				SWIFT_EMIT_LOC_STRINGS = YES;
				TARGETED_DEVICE_FAMILY = "1,2";
			};
			name = Release;
		};
		5E25BA222ACE49CD00425BA4 /* Debug */ = {
			isa = XCBuildConfiguration;
			buildSettings = {
				BUNDLE_LOADER = "$(TEST_HOST)";
				CODE_SIGN_STYLE = Automatic;
				CURRENT_PROJECT_VERSION = 1;
				GENERATE_INFOPLIST_FILE = YES;
				IPHONEOS_DEPLOYMENT_TARGET = 16.2;
				MARKETING_VERSION = 1.0;
				PRODUCT_BUNDLE_IDENTIFIER = com.app.ss.slj.demo.DemoTests;
				PRODUCT_NAME = "$(TARGET_NAME)";
				SWIFT_EMIT_LOC_STRINGS = NO;
				TARGETED_DEVICE_FAMILY = "1,2";
				TEST_HOST = "$(BUILT_PRODUCTS_DIR)/Demo.app/$(BUNDLE_EXECUTABLE_FOLDER_PATH)/Demo";
			};
			name = Debug;
		};
		5E25BA232ACE49CD00425BA4 /* Release */ = {
			isa = XCBuildConfiguration;
			buildSettings = {
				BUNDLE_LOADER = "$(TEST_HOST)";
				CODE_SIGN_STYLE = Automatic;
				CURRENT_PROJECT_VERSION = 1;
				GENERATE_INFOPLIST_FILE = YES;
				IPHONEOS_DEPLOYMENT_TARGET = 16.2;
				MARKETING_VERSION = 1.0;
				PRODUCT_BUNDLE_IDENTIFIER = com.app.ss.slj.demo.DemoTests;
				PRODUCT_NAME = "$(TARGET_NAME)";
				SWIFT_EMIT_LOC_STRINGS = NO;
				TARGETED_DEVICE_FAMILY = "1,2";
				TEST_HOST = "$(BUILT_PRODUCTS_DIR)/Demo.app/$(BUNDLE_EXECUTABLE_FOLDER_PATH)/Demo";
			};
			name = Release;
		};
/* End XCBuildConfiguration section */

/* Begin XCConfigurationList section */
		5E25B9EA2ACE49CB00425BA4 /* Build configuration list for PBXProject "Demo" */ = {
			isa = XCConfigurationList;
			buildConfigurations = (
				5E25BA1C2ACE49CD00425BA4 /* Debug */,
				5E25BA1D2ACE49CD00425BA4 /* Release */,
			);
			defaultConfigurationIsVisible = 0;
			defaultConfigurationName = Release;
		};
		5E25BA1E2ACE49CD00425BA4 /* Build configuration list for PBXNativeTarget "Demo" */ = {
			isa = XCConfigurationList;
			buildConfigurations = (
				5E25BA1F2ACE49CD00425BA4 /* Debug */,
				5E25BA202ACE49CD00425BA4 /* Release */,
			);
			defaultConfigurationIsVisible = 0;
			defaultConfigurationName = Release;
		};
		5E25BA212ACE49CD00425BA4 /* Build configuration list for PBXNativeTarget "DemoTests" */ = {
			isa = XCConfigurationList;
			buildConfigurations = (
				5E25BA222ACE49CD00425BA4 /* Debug */,
				5E25BA232ACE49CD00425BA4 /* Release */,
			);
			defaultConfigurationIsVisible = 0;
			defaultConfigurationName = Release;
		};
/* End XCConfigurationList section */
	};
	rootObject = 5E25B9E72ACE49CB00425BA4 /* Project object */;
}
