PODS:
  - Bugly (2.5.71)
  - FLEX (3.0.0)
  - lottie-ios (2.5.3)
  - Masonry (1.1.0)

DEPENDENCIES:
  - Bugly
  - FLEX
  - lottie-ios (= 2.5.3)
  - Masonry

SPEC REPOS:
  https://github.com/cocoapods/specs.git:
    - Bugly
    - FLEX
    - lottie-ios
    - Masonry

SPEC CHECKSUMS:
  Bugly: fd066c75c4a0eca1440f9b6a84bd37d51bfc85ac
  FLEX: d66c759bce0f6ebbbf472c742380874d846f2883
  lottie-ios: a50d5c0160425cd4b01b852bb9578963e6d92d31
  Masonry: 678fab65091a9290e40e2832a55e7ab731aad201

PODFILE CHECKSUM: b6302e8cdbe04941356afba321e17c60da617b60

COCOAPODS: 1.7.5
