// !$*UTF8*$!
{
	archiveVersion = 1;
	classes = {
	};
	objectVersion = 50;
	objects = {

/* Begin PBXBuildFile section */
		571F4C6523059F4700EF9E4D /* main.m in Sources */ = {isa = PBXBuildFile; fileRef = 571F4C6423059F4700EF9E4D /* main.m */; };
		571F4C6F23059FA800EF9E4D /* Class001-020.mm in Sources */ = {isa = PBXBuildFile; fileRef = 571F4C6D23059FA800EF9E4D /* Class001-020.mm */; };
		577DE1B923CD95C1008960CA /* LC0086.mm in Sources */ = {isa = PBXBuildFile; fileRef = 577DE1B823CD95C1008960CA /* LC0086.mm */; };
		577DE1BC23CD9623008960CA /* ListTest.mm in Sources */ = {isa = PBXBuildFile; fileRef = 577DE1BB23CD9623008960CA /* ListTest.mm */; };
		577DE1BF23CD99AF008960CA /* ListNode.mm in Sources */ = {isa = PBXBuildFile; fileRef = 577DE1BE23CD99AF008960CA /* ListNode.mm */; };
		577DE1C223CDA341008960CA /* LC0083.mm in Sources */ = {isa = PBXBuildFile; fileRef = 577DE1C123CDA341008960CA /* LC0083.mm */; };
		57F2D7E723C6C89D00824CDB /* Heap.mm in Sources */ = {isa = PBXBuildFile; fileRef = 57F2D7E623C6C89D00824CDB /* Heap.mm */; };
		57F2D7EB23C70BBD00824CDB /* Sort.m in Sources */ = {isa = PBXBuildFile; fileRef = 57F2D7EA23C70BBD00824CDB /* Sort.m */; };
		57F2EF3723C74DD600824CDB /* Test.m in Sources */ = {isa = PBXBuildFile; fileRef = 57F2EF3623C74DD600824CDB /* Test.m */; };
/* End PBXBuildFile section */

/* Begin PBXFileReference section */
		571F4C5823059F4500EF9E4D /* DSPro.app */ = {isa = PBXFileReference; explicitFileType = wrapper.application; includeInIndex = 0; path = DSPro.app; sourceTree = BUILT_PRODUCTS_DIR; };
		571F4C6323059F4700EF9E4D /* Info.plist */ = {isa = PBXFileReference; lastKnownFileType = text.plist.xml; path = Info.plist; sourceTree = "<group>"; };
		571F4C6423059F4700EF9E4D /* main.m */ = {isa = PBXFileReference; lastKnownFileType = sourcecode.c.objc; path = main.m; sourceTree = "<group>"; };
		571F4C6D23059FA800EF9E4D /* Class001-020.mm */ = {isa = PBXFileReference; lastKnownFileType = sourcecode.cpp.objcpp; path = "Class001-020.mm"; sourceTree = "<group>"; };
		571F4C702305A56500EF9E4D /* Class001-020.h */ = {isa = PBXFileReference; lastKnownFileType = sourcecode.c.h; path = "Class001-020.h"; sourceTree = "<group>"; };
		577DE1B723CD95C1008960CA /* LC0086.h */ = {isa = PBXFileReference; lastKnownFileType = sourcecode.c.h; path = LC0086.h; sourceTree = "<group>"; };
		577DE1B823CD95C1008960CA /* LC0086.mm */ = {isa = PBXFileReference; lastKnownFileType = sourcecode.cpp.objcpp; path = LC0086.mm; sourceTree = "<group>"; };
		577DE1BA23CD9623008960CA /* ListTest.h */ = {isa = PBXFileReference; lastKnownFileType = sourcecode.c.h; path = ListTest.h; sourceTree = "<group>"; };
		577DE1BB23CD9623008960CA /* ListTest.mm */ = {isa = PBXFileReference; lastKnownFileType = sourcecode.cpp.objcpp; path = ListTest.mm; sourceTree = "<group>"; };
		577DE1BD23CD99AF008960CA /* ListNode.h */ = {isa = PBXFileReference; lastKnownFileType = sourcecode.c.h; path = ListNode.h; sourceTree = "<group>"; };
		577DE1BE23CD99AF008960CA /* ListNode.mm */ = {isa = PBXFileReference; lastKnownFileType = sourcecode.cpp.objcpp; path = ListNode.mm; sourceTree = "<group>"; };
		577DE1C023CDA341008960CA /* LC0083.h */ = {isa = PBXFileReference; lastKnownFileType = sourcecode.c.h; path = LC0083.h; sourceTree = "<group>"; };
		577DE1C123CDA341008960CA /* LC0083.mm */ = {isa = PBXFileReference; lastKnownFileType = sourcecode.cpp.objcpp; path = LC0083.mm; sourceTree = "<group>"; };
		57F2D7E523C6C89D00824CDB /* Heap.h */ = {isa = PBXFileReference; lastKnownFileType = sourcecode.c.h; path = Heap.h; sourceTree = "<group>"; };
		57F2D7E623C6C89D00824CDB /* Heap.mm */ = {isa = PBXFileReference; lastKnownFileType = sourcecode.cpp.objcpp; path = Heap.mm; sourceTree = "<group>"; };
		57F2D7E923C70BBD00824CDB /* Sort.h */ = {isa = PBXFileReference; lastKnownFileType = sourcecode.c.h; path = Sort.h; sourceTree = "<group>"; };
		57F2D7EA23C70BBD00824CDB /* Sort.m */ = {isa = PBXFileReference; lastKnownFileType = sourcecode.c.objc; path = Sort.m; sourceTree = "<group>"; };
		57F2EF3523C74DD600824CDB /* Test.h */ = {isa = PBXFileReference; lastKnownFileType = sourcecode.c.h; path = Test.h; sourceTree = "<group>"; };
		57F2EF3623C74DD600824CDB /* Test.m */ = {isa = PBXFileReference; lastKnownFileType = sourcecode.c.objc; path = Test.m; sourceTree = "<group>"; };
/* End PBXFileReference section */

/* Begin PBXFrameworksBuildPhase section */
		571F4C5523059F4500EF9E4D /* Frameworks */ = {
			isa = PBXFrameworksBuildPhase;
			buildActionMask = 2147483647;
			files = (
			);
			runOnlyForDeploymentPostprocessing = 0;
		};
/* End PBXFrameworksBuildPhase section */

/* Begin PBXGroup section */
		571F4C4F23059F4500EF9E4D = {
			isa = PBXGroup;
			children = (
				57F2EF3423C74DA100824CDB /* Classes */,
				571F4C5A23059F4500EF9E4D /* DSPro */,
				571F4C5923059F4500EF9E4D /* Products */,
			);
			sourceTree = "<group>";
		};
		571F4C5923059F4500EF9E4D /* Products */ = {
			isa = PBXGroup;
			children = (
				571F4C5823059F4500EF9E4D /* DSPro.app */,
			);
			name = Products;
			sourceTree = "<group>";
		};
		571F4C5A23059F4500EF9E4D /* DSPro */ = {
			isa = PBXGroup;
			children = (
				571F4C6323059F4700EF9E4D /* Info.plist */,
				571F4C6423059F4700EF9E4D /* main.m */,
			);
			path = DSPro;
			sourceTree = "<group>";
		};
		571F4C6C23059F6800EF9E4D /* 100 */ = {
			isa = PBXGroup;
			children = (
				571F4C702305A56500EF9E4D /* Class001-020.h */,
				571F4C6D23059FA800EF9E4D /* Class001-020.mm */,
			);
			path = 100;
			sourceTree = "<group>";
		};
		571F4C712305A8A800EF9E4D /* Common */ = {
			isa = PBXGroup;
			children = (
			);
			path = Common;
			sourceTree = "<group>";
		};
		577DE1B323CD9594008960CA /* List */ = {
			isa = PBXGroup;
			children = (
				577DE1C023CDA341008960CA /* LC0083.h */,
				577DE1C123CDA341008960CA /* LC0083.mm */,
				577DE1B723CD95C1008960CA /* LC0086.h */,
				577DE1B823CD95C1008960CA /* LC0086.mm */,
				577DE1BD23CD99AF008960CA /* ListNode.h */,
				577DE1BE23CD99AF008960CA /* ListNode.mm */,
				577DE1BA23CD9623008960CA /* ListTest.h */,
				577DE1BB23CD9623008960CA /* ListTest.mm */,
			);
			path = List;
			sourceTree = "<group>";
		};
		57F2D7E423C6C88300824CDB /* DataStructure */ = {
			isa = PBXGroup;
			children = (
				577DE1B323CD9594008960CA /* List */,
				57F2D7E523C6C89D00824CDB /* Heap.h */,
				57F2D7E623C6C89D00824CDB /* Heap.mm */,
			);
			path = DataStructure;
			sourceTree = "<group>";
		};
		57F2D7E823C70BB200824CDB /* Sort */ = {
			isa = PBXGroup;
			children = (
				57F2D7E923C70BBD00824CDB /* Sort.h */,
				57F2D7EA23C70BBD00824CDB /* Sort.m */,
			);
			path = Sort;
			sourceTree = "<group>";
		};
		57F2EF3423C74DA100824CDB /* Classes */ = {
			isa = PBXGroup;
			children = (
				571F4C6C23059F6800EF9E4D /* 100 */,
				571F4C712305A8A800EF9E4D /* Common */,
				57F2D7E423C6C88300824CDB /* DataStructure */,
				57F2D7E823C70BB200824CDB /* Sort */,
				57F2EF3523C74DD600824CDB /* Test.h */,
				57F2EF3623C74DD600824CDB /* Test.m */,
			);
			path = Classes;
			sourceTree = "<group>";
		};
/* End PBXGroup section */

/* Begin PBXNativeTarget section */
		571F4C5723059F4500EF9E4D /* DSPro */ = {
			isa = PBXNativeTarget;
			buildConfigurationList = 571F4C6923059F4700EF9E4D /* Build configuration list for PBXNativeTarget "DSPro" */;
			buildPhases = (
				571F4C5423059F4500EF9E4D /* Sources */,
				571F4C5523059F4500EF9E4D /* Frameworks */,
				571F4C5623059F4500EF9E4D /* Resources */,
			);
			buildRules = (
			);
			dependencies = (
			);
			name = DSPro;
			productName = DSPro;
			productReference = 571F4C5823059F4500EF9E4D /* DSPro.app */;
			productType = "com.apple.product-type.application";
		};
/* End PBXNativeTarget section */

/* Begin PBXProject section */
		571F4C5023059F4500EF9E4D /* Project object */ = {
			isa = PBXProject;
			attributes = {
				LastUpgradeCheck = 1030;
				ORGANIZATIONNAME = SLJ;
				TargetAttributes = {
					571F4C5723059F4500EF9E4D = {
						CreatedOnToolsVersion = 10.3;
					};
				};
			};
			buildConfigurationList = 571F4C5323059F4500EF9E4D /* Build configuration list for PBXProject "DSPro" */;
			compatibilityVersion = "Xcode 9.3";
			developmentRegion = en;
			hasScannedForEncodings = 0;
			knownRegions = (
				en,
				Base,
			);
			mainGroup = 571F4C4F23059F4500EF9E4D;
			productRefGroup = 571F4C5923059F4500EF9E4D /* Products */;
			projectDirPath = "";
			projectRoot = "";
			targets = (
				571F4C5723059F4500EF9E4D /* DSPro */,
			);
		};
/* End PBXProject section */

/* Begin PBXResourcesBuildPhase section */
		571F4C5623059F4500EF9E4D /* Resources */ = {
			isa = PBXResourcesBuildPhase;
			buildActionMask = 2147483647;
			files = (
			);
			runOnlyForDeploymentPostprocessing = 0;
		};
/* End PBXResourcesBuildPhase section */

/* Begin PBXSourcesBuildPhase section */
		571F4C5423059F4500EF9E4D /* Sources */ = {
			isa = PBXSourcesBuildPhase;
			buildActionMask = 2147483647;
			files = (
				57F2EF3723C74DD600824CDB /* Test.m in Sources */,
				577DE1BC23CD9623008960CA /* ListTest.mm in Sources */,
				57F2D7EB23C70BBD00824CDB /* Sort.m in Sources */,
				577DE1B923CD95C1008960CA /* LC0086.mm in Sources */,
				57F2D7E723C6C89D00824CDB /* Heap.mm in Sources */,
				571F4C6523059F4700EF9E4D /* main.m in Sources */,
				571F4C6F23059FA800EF9E4D /* Class001-020.mm in Sources */,
				577DE1C223CDA341008960CA /* LC0083.mm in Sources */,
				577DE1BF23CD99AF008960CA /* ListNode.mm in Sources */,
			);
			runOnlyForDeploymentPostprocessing = 0;
		};
/* End PBXSourcesBuildPhase section */

/* Begin XCBuildConfiguration section */
		571F4C6723059F4700EF9E4D /* Debug */ = {
			isa = XCBuildConfiguration;
			buildSettings = {
				ALWAYS_SEARCH_USER_PATHS = NO;
				CLANG_ANALYZER_NONNULL = YES;
				CLANG_ANALYZER_NUMBER_OBJECT_CONVERSION = YES_AGGRESSIVE;
				CLANG_CXX_LANGUAGE_STANDARD = "gnu++14";
				CLANG_CXX_LIBRARY = "libc++";
				CLANG_ENABLE_MODULES = YES;
				CLANG_ENABLE_OBJC_ARC = YES;
				CLANG_ENABLE_OBJC_WEAK = YES;
				CLANG_WARN_BLOCK_CAPTURE_AUTORELEASING = YES;
				CLANG_WARN_BOOL_CONVERSION = YES;
				CLANG_WARN_COMMA = YES;
				CLANG_WARN_CONSTANT_CONVERSION = YES;
				CLANG_WARN_DEPRECATED_OBJC_IMPLEMENTATIONS = YES;
				CLANG_WARN_DIRECT_OBJC_ISA_USAGE = YES_ERROR;
				CLANG_WARN_DOCUMENTATION_COMMENTS = YES;
				CLANG_WARN_EMPTY_BODY = YES;
				CLANG_WARN_ENUM_CONVERSION = YES;
				CLANG_WARN_INFINITE_RECURSION = YES;
				CLANG_WARN_INT_CONVERSION = YES;
				CLANG_WARN_NON_LITERAL_NULL_CONVERSION = YES;
				CLANG_WARN_OBJC_IMPLICIT_RETAIN_SELF = YES;
				CLANG_WARN_OBJC_LITERAL_CONVERSION = YES;
				CLANG_WARN_OBJC_ROOT_CLASS = YES_ERROR;
				CLANG_WARN_RANGE_LOOP_ANALYSIS = YES;
				CLANG_WARN_STRICT_PROTOTYPES = YES;
				CLANG_WARN_SUSPICIOUS_MOVE = YES;
				CLANG_WARN_UNGUARDED_AVAILABILITY = YES_AGGRESSIVE;
				CLANG_WARN_UNREACHABLE_CODE = YES;
				CLANG_WARN__DUPLICATE_METHOD_MATCH = YES;
				CODE_SIGN_IDENTITY = "-";
				COPY_PHASE_STRIP = NO;
				DEBUG_INFORMATION_FORMAT = dwarf;
				ENABLE_STRICT_OBJC_MSGSEND = YES;
				ENABLE_TESTABILITY = YES;
				GCC_C_LANGUAGE_STANDARD = gnu11;
				GCC_DYNAMIC_NO_PIC = NO;
				GCC_NO_COMMON_BLOCKS = YES;
				GCC_OPTIMIZATION_LEVEL = 0;
				GCC_PREPROCESSOR_DEFINITIONS = (
					"DEBUG=1",
					"$(inherited)",
				);
				GCC_WARN_64_TO_32_BIT_CONVERSION = YES;
				GCC_WARN_ABOUT_RETURN_TYPE = YES_ERROR;
				GCC_WARN_UNDECLARED_SELECTOR = YES;
				GCC_WARN_UNINITIALIZED_AUTOS = YES_AGGRESSIVE;
				GCC_WARN_UNUSED_FUNCTION = YES;
				GCC_WARN_UNUSED_VARIABLE = YES;
				MACOSX_DEPLOYMENT_TARGET = 10.14;
				MTL_ENABLE_DEBUG_INFO = INCLUDE_SOURCE;
				MTL_FAST_MATH = YES;
				ONLY_ACTIVE_ARCH = YES;
				SDKROOT = macosx;
			};
			name = Debug;
		};
		571F4C6823059F4700EF9E4D /* Release */ = {
			isa = XCBuildConfiguration;
			buildSettings = {
				ALWAYS_SEARCH_USER_PATHS = NO;
				CLANG_ANALYZER_NONNULL = YES;
				CLANG_ANALYZER_NUMBER_OBJECT_CONVERSION = YES_AGGRESSIVE;
				CLANG_CXX_LANGUAGE_STANDARD = "gnu++14";
				CLANG_CXX_LIBRARY = "libc++";
				CLANG_ENABLE_MODULES = YES;
				CLANG_ENABLE_OBJC_ARC = YES;
				CLANG_ENABLE_OBJC_WEAK = YES;
				CLANG_WARN_BLOCK_CAPTURE_AUTORELEASING = YES;
				CLANG_WARN_BOOL_CONVERSION = YES;
				CLANG_WARN_COMMA = YES;
				CLANG_WARN_CONSTANT_CONVERSION = YES;
				CLANG_WARN_DEPRECATED_OBJC_IMPLEMENTATIONS = YES;
				CLANG_WARN_DIRECT_OBJC_ISA_USAGE = YES_ERROR;
				CLANG_WARN_DOCUMENTATION_COMMENTS = YES;
				CLANG_WARN_EMPTY_BODY = YES;
				CLANG_WARN_ENUM_CONVERSION = YES;
				CLANG_WARN_INFINITE_RECURSION = YES;
				CLANG_WARN_INT_CONVERSION = YES;
				CLANG_WARN_NON_LITERAL_NULL_CONVERSION = YES;
				CLANG_WARN_OBJC_IMPLICIT_RETAIN_SELF = YES;
				CLANG_WARN_OBJC_LITERAL_CONVERSION = YES;
				CLANG_WARN_OBJC_ROOT_CLASS = YES_ERROR;
				CLANG_WARN_RANGE_LOOP_ANALYSIS = YES;
				CLANG_WARN_STRICT_PROTOTYPES = YES;
				CLANG_WARN_SUSPICIOUS_MOVE = YES;
				CLANG_WARN_UNGUARDED_AVAILABILITY = YES_AGGRESSIVE;
				CLANG_WARN_UNREACHABLE_CODE = YES;
				CLANG_WARN__DUPLICATE_METHOD_MATCH = YES;
				CODE_SIGN_IDENTITY = "-";
				COPY_PHASE_STRIP = NO;
				DEBUG_INFORMATION_FORMAT = "dwarf-with-dsym";
				ENABLE_NS_ASSERTIONS = NO;
				ENABLE_STRICT_OBJC_MSGSEND = YES;
				GCC_C_LANGUAGE_STANDARD = gnu11;
				GCC_NO_COMMON_BLOCKS = YES;
				GCC_WARN_64_TO_32_BIT_CONVERSION = YES;
				GCC_WARN_ABOUT_RETURN_TYPE = YES_ERROR;
				GCC_WARN_UNDECLARED_SELECTOR = YES;
				GCC_WARN_UNINITIALIZED_AUTOS = YES_AGGRESSIVE;
				GCC_WARN_UNUSED_FUNCTION = YES;
				GCC_WARN_UNUSED_VARIABLE = YES;
				MACOSX_DEPLOYMENT_TARGET = 10.14;
				MTL_ENABLE_DEBUG_INFO = NO;
				MTL_FAST_MATH = YES;
				SDKROOT = macosx;
			};
			name = Release;
		};
		571F4C6A23059F4700EF9E4D /* Debug */ = {
			isa = XCBuildConfiguration;
			buildSettings = {
				CODE_SIGN_ENTITLEMENTS = DSPro/DSPro.entitlements;
				CODE_SIGN_STYLE = Automatic;
				COMBINE_HIDPI_IMAGES = YES;
				INFOPLIST_FILE = DSPro/Info.plist;
				LD_RUNPATH_SEARCH_PATHS = (
					"$(inherited)",
					"@executable_path/../Frameworks",
				);
				MACOSX_DEPLOYMENT_TARGET = 10.12;
				PRODUCT_BUNDLE_IDENTIFIER = HT.DSPro;
				PRODUCT_NAME = "$(TARGET_NAME)";
			};
			name = Debug;
		};
		571F4C6B23059F4700EF9E4D /* Release */ = {
			isa = XCBuildConfiguration;
			buildSettings = {
				CODE_SIGN_ENTITLEMENTS = DSPro/DSPro.entitlements;
				CODE_SIGN_STYLE = Automatic;
				COMBINE_HIDPI_IMAGES = YES;
				INFOPLIST_FILE = DSPro/Info.plist;
				LD_RUNPATH_SEARCH_PATHS = (
					"$(inherited)",
					"@executable_path/../Frameworks",
				);
				MACOSX_DEPLOYMENT_TARGET = 10.12;
				PRODUCT_BUNDLE_IDENTIFIER = HT.DSPro;
				PRODUCT_NAME = "$(TARGET_NAME)";
			};
			name = Release;
		};
/* End XCBuildConfiguration section */

/* Begin XCConfigurationList section */
		571F4C5323059F4500EF9E4D /* Build configuration list for PBXProject "DSPro" */ = {
			isa = XCConfigurationList;
			buildConfigurations = (
				571F4C6723059F4700EF9E4D /* Debug */,
				571F4C6823059F4700EF9E4D /* Release */,
			);
			defaultConfigurationIsVisible = 0;
			defaultConfigurationName = Release;
		};
		571F4C6923059F4700EF9E4D /* Build configuration list for PBXNativeTarget "DSPro" */ = {
			isa = XCConfigurationList;
			buildConfigurations = (
				571F4C6A23059F4700EF9E4D /* Debug */,
				571F4C6B23059F4700EF9E4D /* Release */,
			);
			defaultConfigurationIsVisible = 0;
			defaultConfigurationName = Release;
		};
/* End XCConfigurationList section */
	};
	rootObject = 571F4C5023059F4500EF9E4D /* Project object */;
}
